// !$*UTF8*$!
{
	archiveVersion = 1;
	classes = {
	};
	objectVersion = 46;
	objects = {

/* Begin PBXBuildFile section */
		F1B3F17D24C2127B00DA2549 /* Cocoa.framework in Frameworks */ = {isa = PBXBuildFile; fileRef = F1B3F17C24C2127B00DA2549 /* Cocoa.framework */; };
		F1B3F18724C2127B00DA2549 /* InfoPlist.strings in Resources */ = {isa = PBXBuildFile; fileRef = F1B3F18524C2127B00DA2549 /* InfoPlist.strings */; };
		F1B3F18924C2127B00DA2549 /* main.m in Sources */ = {isa = PBXBuildFile; fileRef = F1B3F18824C2127B00DA2549 /* main.m */; };
		F1B3F18D24C2127B00DA2549 /* Credits.rtf in Resources */ = {isa = PBXBuildFile; fileRef = F1B3F18B24C2127B00DA2549 /* Credits.rtf */; };
		F1B3F19024C2127B00DA2549 /* AppDelegate.m in Sources */ = {isa = PBXBuildFile; fileRef = F1B3F18F24C2127B00DA2549 /* AppDelegate.m */; };
		F1B3F19324C2127B00DA2549 /* MainMenu.xib in Resources */ = {isa = PBXBuildFile; fileRef = F1B3F19124C2127B00DA2549 /* MainMenu.xib */; };
		F1B3F19F24C2134500DA2549 /* GameView.m in Sources */ = {isa = PBXBuildFile; fileRef = F1B3F19C24C2134500DA2549 /* GameView.m */; };
		F1B3F1A024C2134500DA2549 /* GameWindow.m in Sources */ = {isa = PBXBuildFile; fileRef = F1B3F19D24C2134500DA2549 /* GameWindow.m */; };
		F1B3F1A124C2134500DA2549 /* OSXRenderer.m in Sources */ = {isa = PBXBuildFile; fileRef = F1B3F19E24C2134500DA2549 /* OSXRenderer.m */; };
		F1B3F1A824C2138A00DA2549 /* CPackedFileReader.c in Sources */ = {isa = PBXBuildFile; fileRef = F1B3F1A224C2138A00DA2549 /* CPackedFileReader.c */; };
		F1B3F1A924C2138A00DA2549 /* CRenderer_Rasterization.c in Sources */ = {isa = PBXBuildFile; fileRef = F1B3F1A324C2138A00DA2549 /* CRenderer_Rasterization.c */; };
		F1B3F1AA24C2138A00DA2549 /* CRenderer.c in Sources */ = {isa = PBXBuildFile; fileRef = F1B3F1A424C2138A00DA2549 /* CRenderer.c */; };
		F1B3F1AB24C2138A00DA2549 /* FixP.c in Sources */ = {isa = PBXBuildFile; fileRef = F1B3F1A524C2138A00DA2549 /* FixP.c */; };
		F1B3F1AC24C2138A00DA2549 /* Globals.c in Sources */ = {isa = PBXBuildFile; fileRef = F1B3F1A624C2138A00DA2549 /* Globals.c */; };
		F1B3F1AD24C2138A00DA2549 /* LoadBitmap.c in Sources */ = {isa = PBXBuildFile; fileRef = F1B3F1A724C2138A00DA2549 /* LoadBitmap.c */; };
		F1B3F1BC24C213AA00DA2549 /* CreditsScreen.c in Sources */ = {isa = PBXBuildFile; fileRef = F1B3F1B524C213AA00DA2549 /* CreditsScreen.c */; };
		F1B3F1BE24C213AA00DA2549 /* HelpScreen.c in Sources */ = {isa = PBXBuildFile; fileRef = F1B3F1B724C213AA00DA2549 /* HelpScreen.c */; };
		F1B3F1BF24C213AA00DA2549 /* Interrogation.c in Sources */ = {isa = PBXBuildFile; fileRef = F1B3F1B824C213AA00DA2549 /* Interrogation.c */; };
		F1B3F1C124C213AA00DA2549 /* MainMenu.c in Sources */ = {isa = PBXBuildFile; fileRef = F1B3F1BA24C213AA00DA2549 /* MainMenu.c */; };
		F1B3F1C224C213AA00DA2549 /* UI.c in Sources */ = {isa = PBXBuildFile; fileRef = F1B3F1BB24C213AA00DA2549 /* UI.c */; };
		F1B3F1C624C217B500DA2549 /* Engine.c in Sources */ = {isa = PBXBuildFile; fileRef = F1B3F1C524C217B500DA2549 /* Engine.c */; };
		F1B3F1C824C238DB00DA2549 /* base.pfs in Resources */ = {isa = PBXBuildFile; fileRef = F1B3F1C724C238DB00DA2549 /* base.pfs */; };
/* End PBXBuildFile section */

/* Begin PBXFileReference section */
		F1B3F17924C2127B00DA2549 /* Mistral OCS.app */ = {isa = PBXFileReference; explicitFileType = wrapper.application; includeInIndex = 0; path = "Mistral OCS.app"; sourceTree = BUILT_PRODUCTS_DIR; };
		F1B3F17C24C2127B00DA2549 /* Cocoa.framework */ = {isa = PBXFileReference; lastKnownFileType = wrapper.framework; name = Cocoa.framework; path = System/Library/Frameworks/Cocoa.framework; sourceTree = SDKROOT; };
		F1B3F17F24C2127B00DA2549 /* AppKit.framework */ = {isa = PBXFileReference; lastKnownFileType = wrapper.framework; name = AppKit.framework; path = System/Library/Frameworks/AppKit.framework; sourceTree = SDKROOT; };
		F1B3F18024C2127B00DA2549 /* CoreData.framework */ = {isa = PBXFileReference; lastKnownFileType = wrapper.framework; name = CoreData.framework; path = System/Library/Frameworks/CoreData.framework; sourceTree = SDKROOT; };
		F1B3F18124C2127B00DA2549 /* Foundation.framework */ = {isa = PBXFileReference; lastKnownFileType = wrapper.framework; name = Foundation.framework; path = System/Library/Frameworks/Foundation.framework; sourceTree = SDKROOT; };
		F1B3F18424C2127B00DA2549 /* Mistral OCS-Info.plist */ = {isa = PBXFileReference; lastKnownFileType = text.plist.xml; path = "Mistral OCS-Info.plist"; sourceTree = "<group>"; };
		F1B3F18624C2127B00DA2549 /* en */ = {isa = PBXFileReference; lastKnownFileType = text.plist.strings; name = en; path = en.lproj/InfoPlist.strings; sourceTree = "<group>"; };
		F1B3F18824C2127B00DA2549 /* main.m */ = {isa = PBXFileReference; lastKnownFileType = sourcecode.c.objc; path = main.m; sourceTree = "<group>"; };
		F1B3F18A24C2127B00DA2549 /* Mistral OCS-Prefix.pch */ = {isa = PBXFileReference; lastKnownFileType = sourcecode.c.h; path = "Mistral OCS-Prefix.pch"; sourceTree = "<group>"; };
		F1B3F18C24C2127B00DA2549 /* en */ = {isa = PBXFileReference; lastKnownFileType = text.rtf; name = en; path = en.lproj/Credits.rtf; sourceTree = "<group>"; };
		F1B3F18E24C2127B00DA2549 /* AppDelegate.h */ = {isa = PBXFileReference; lastKnownFileType = sourcecode.c.h; path = AppDelegate.h; sourceTree = "<group>"; };
		F1B3F18F24C2127B00DA2549 /* AppDelegate.m */ = {isa = PBXFileReference; lastKnownFileType = sourcecode.c.objc; path = AppDelegate.m; sourceTree = "<group>"; };
		F1B3F19224C2127B00DA2549 /* en */ = {isa = PBXFileReference; lastKnownFileType = file.xib; name = en; path = en.lproj/MainMenu.xib; sourceTree = "<group>"; };
		F1B3F19924C2134500DA2549 /* GameView.h */ = {isa = PBXFileReference; fileEncoding = 4; lastKnownFileType = sourcecode.c.h; path = GameView.h; sourceTree = SOURCE_ROOT; };
		F1B3F19A24C2134500DA2549 /* GameWindow.h */ = {isa = PBXFileReference; fileEncoding = 4; lastKnownFileType = sourcecode.c.h; path = GameWindow.h; sourceTree = SOURCE_ROOT; };
		F1B3F19B24C2134500DA2549 /* OSXRenderer.h */ = {isa = PBXFileReference; fileEncoding = 4; lastKnownFileType = sourcecode.c.h; path = OSXRenderer.h; sourceTree = SOURCE_ROOT; };
		F1B3F19C24C2134500DA2549 /* GameView.m */ = {isa = PBXFileReference; fileEncoding = 4; lastKnownFileType = sourcecode.c.objc; path = GameView.m; sourceTree = SOURCE_ROOT; };
		F1B3F19D24C2134500DA2549 /* GameWindow.m */ = {isa = PBXFileReference; fileEncoding = 4; lastKnownFileType = sourcecode.c.objc; path = GameWindow.m; sourceTree = SOURCE_ROOT; };
		F1B3F19E24C2134500DA2549 /* OSXRenderer.m */ = {isa = PBXFileReference; fileEncoding = 4; lastKnownFileType = sourcecode.c.objc; path = OSXRenderer.m; sourceTree = SOURCE_ROOT; };
		F1B3F1A224C2138A00DA2549 /* CPackedFileReader.c */ = {isa = PBXFileReference; fileEncoding = 4; lastKnownFileType = sourcecode.c.c; name = CPackedFileReader.c; path = ../../base3d/src/CPackedFileReader.c; sourceTree = "<group>"; };
		F1B3F1A324C2138A00DA2549 /* CRenderer_Rasterization.c */ = {isa = PBXFileReference; fileEncoding = 4; lastKnownFileType = sourcecode.c.c; name = CRenderer_Rasterization.c; path = ../../base3d/src/CRenderer_Rasterization.c; sourceTree = "<group>"; };
		F1B3F1A424C2138A00DA2549 /* CRenderer.c */ = {isa = PBXFileReference; fileEncoding = 4; lastKnownFileType = sourcecode.c.c; name = CRenderer.c; path = ../../base3d/src/CRenderer.c; sourceTree = "<group>"; };
		F1B3F1A524C2138A00DA2549 /* FixP.c */ = {isa = PBXFileReference; fileEncoding = 4; lastKnownFileType = sourcecode.c.c; name = FixP.c; path = ../../base3d/src/FixP.c; sourceTree = "<group>"; };
		F1B3F1A624C2138A00DA2549 /* Globals.c */ = {isa = PBXFileReference; fileEncoding = 4; lastKnownFileType = sourcecode.c.c; name = Globals.c; path = ../../base3d/src/Globals.c; sourceTree = "<group>"; };
		F1B3F1A724C2138A00DA2549 /* LoadBitmap.c */ = {isa = PBXFileReference; fileEncoding = 4; lastKnownFileType = sourcecode.c.c; name = LoadBitmap.c; path = ../../base3d/src/LoadBitmap.c; sourceTree = "<group>"; };
		F1B3F1AE24C2139A00DA2549 /* Common.h */ = {isa = PBXFileReference; lastKnownFileType = sourcecode.c.h; name = Common.h; path = ../../base3d/include/Common.h; sourceTree = "<group>"; };
		F1B3F1AF24C2139A00DA2549 /* CPackedFileReader.h */ = {isa = PBXFileReference; lastKnownFileType = sourcecode.c.h; name = CPackedFileReader.h; path = ../../base3d/include/CPackedFileReader.h; sourceTree = "<group>"; };
		F1B3F1B024C2139A00DA2549 /* CRenderer.h */ = {isa = PBXFileReference; lastKnownFileType = sourcecode.c.h; name = CRenderer.h; path = ../../base3d/include/CRenderer.h; sourceTree = "<group>"; };
		F1B3F1B124C2139A00DA2549 /* Enums.h */ = {isa = PBXFileReference; lastKnownFileType = sourcecode.c.h; name = Enums.h; path = ../../base3d/include/Enums.h; sourceTree = "<group>"; };
		F1B3F1B224C2139A00DA2549 /* FixP.h */ = {isa = PBXFileReference; lastKnownFileType = sourcecode.c.h; name = FixP.h; path = ../../base3d/include/FixP.h; sourceTree = "<group>"; };
		F1B3F1B324C2139A00DA2549 /* Globals.h */ = {isa = PBXFileReference; lastKnownFileType = sourcecode.c.h; name = Globals.h; path = ../../base3d/include/Globals.h; sourceTree = "<group>"; };
		F1B3F1B424C2139A00DA2549 /* LoadBitmap.h */ = {isa = PBXFileReference; lastKnownFileType = sourcecode.c.h; name = LoadBitmap.h; path = ../../base3d/include/LoadBitmap.h; sourceTree = "<group>"; };
		F1B3F1B524C213AA00DA2549 /* CreditsScreen.c */ = {isa = PBXFileReference; fileEncoding = 4; lastKnownFileType = sourcecode.c.c; name = CreditsScreen.c; path = ../../menu/src/CreditsScreen.c; sourceTree = "<group>"; };
		F1B3F1B724C213AA00DA2549 /* HelpScreen.c */ = {isa = PBXFileReference; fileEncoding = 4; lastKnownFileType = sourcecode.c.c; name = HelpScreen.c; path = ../../menu/src/HelpScreen.c; sourceTree = "<group>"; };
		F1B3F1B824C213AA00DA2549 /* Interrogation.c */ = {isa = PBXFileReference; fileEncoding = 4; lastKnownFileType = sourcecode.c.c; name = Interrogation.c; path = ../../menu/src/Interrogation.c; sourceTree = "<group>"; };
		F1B3F1BA24C213AA00DA2549 /* MainMenu.c */ = {isa = PBXFileReference; fileEncoding = 4; lastKnownFileType = sourcecode.c.c; name = MainMenu.c; path = ../../menu/src/MainMenu.c; sourceTree = "<group>"; };
		F1B3F1BB24C213AA00DA2549 /* UI.c */ = {isa = PBXFileReference; fileEncoding = 4; lastKnownFileType = sourcecode.c.c; name = UI.c; path = ../../menu/src/UI.c; sourceTree = "<group>"; };
		F1B3F1C324C213B600DA2549 /* Engine.h */ = {isa = PBXFileReference; lastKnownFileType = sourcecode.c.h; name = Engine.h; path = ../../menu/include/Engine.h; sourceTree = "<group>"; };
		F1B3F1C424C213B600DA2549 /* UI.h */ = {isa = PBXFileReference; lastKnownFileType = sourcecode.c.h; name = UI.h; path = ../../menu/include/UI.h; sourceTree = "<group>"; };
		F1B3F1C524C217B500DA2549 /* Engine.c */ = {isa = PBXFileReference; fileEncoding = 4; lastKnownFileType = sourcecode.c.c; name = Engine.c; path = ../../menu/src/Engine.c; sourceTree = "<group>"; };
		F1B3F1C724C238DB00DA2549 /* base.pfs */ = {isa = PBXFileReference; lastKnownFileType = file; name = base.pfs; path = ../../base.pfs; sourceTree = "<group>"; };
/* End PBXFileReference section */

/* Begin PBXFrameworksBuildPhase section */
		F1B3F17624C2127B00DA2549 /* Frameworks */ = {
			isa = PBXFrameworksBuildPhase;
			buildActionMask = 2147483647;
			files = (
				F1B3F17D24C2127B00DA2549 /* Cocoa.framework in Frameworks */,
			);
			runOnlyForDeploymentPostprocessing = 0;
		};
/* End PBXFrameworksBuildPhase section */

/* Begin PBXGroup section */
		F1B3F17024C2127B00DA2549 = {
			isa = PBXGroup;
			children = (
				F1B3F18224C2127B00DA2549 /* Mistral OCS */,
				F1B3F17B24C2127B00DA2549 /* Frameworks */,
				F1B3F17A24C2127B00DA2549 /* Products */,
			);
			sourceTree = "<group>";
		};
		F1B3F17A24C2127B00DA2549 /* Products */ = {
			isa = PBXGroup;
			children = (
				F1B3F17924C2127B00DA2549 /* Mistral OCS.app */,
			);
			name = Products;
			sourceTree = "<group>";
		};
		F1B3F17B24C2127B00DA2549 /* Frameworks */ = {
			isa = PBXGroup;
			children = (
				F1B3F17C24C2127B00DA2549 /* Cocoa.framework */,
				F1B3F17E24C2127B00DA2549 /* Other Frameworks */,
			);
			name = Frameworks;
			sourceTree = "<group>";
		};
		F1B3F17E24C2127B00DA2549 /* Other Frameworks */ = {
			isa = PBXGroup;
			children = (
				F1B3F17F24C2127B00DA2549 /* AppKit.framework */,
				F1B3F18024C2127B00DA2549 /* CoreData.framework */,
				F1B3F18124C2127B00DA2549 /* Foundation.framework */,
			);
			name = "Other Frameworks";
			sourceTree = "<group>";
		};
		F1B3F18224C2127B00DA2549 /* Mistral OCS */ = {
			isa = PBXGroup;
			children = (
				F1B3F1AE24C2139A00DA2549 /* Common.h */,
				F1B3F1AF24C2139A00DA2549 /* CPackedFileReader.h */,
				F1B3F1B024C2139A00DA2549 /* CRenderer.h */,
				F1B3F1B124C2139A00DA2549 /* Enums.h */,
				F1B3F1B224C2139A00DA2549 /* FixP.h */,
				F1B3F1B324C2139A00DA2549 /* Globals.h */,
				F1B3F1B424C2139A00DA2549 /* LoadBitmap.h */,
				F1B3F1A224C2138A00DA2549 /* CPackedFileReader.c */,
				F1B3F1A324C2138A00DA2549 /* CRenderer_Rasterization.c */,
				F1B3F1A424C2138A00DA2549 /* CRenderer.c */,
				F1B3F1A524C2138A00DA2549 /* FixP.c */,
				F1B3F1A624C2138A00DA2549 /* Globals.c */,
				F1B3F1A724C2138A00DA2549 /* LoadBitmap.c */,
				F1B3F1B524C213AA00DA2549 /* CreditsScreen.c */,
				F1B3F1B724C213AA00DA2549 /* HelpScreen.c */,
				F1B3F1B824C213AA00DA2549 /* Interrogation.c */,
				F1B3F1C524C217B500DA2549 /* Engine.c */,
				F1B3F1BA24C213AA00DA2549 /* MainMenu.c */,
				F1B3F1BB24C213AA00DA2549 /* UI.c */,
				F1B3F1C324C213B600DA2549 /* Engine.h */,
				F1B3F1C424C213B600DA2549 /* UI.h */,
				F1B3F19924C2134500DA2549 /* GameView.h */,
				F1B3F19A24C2134500DA2549 /* GameWindow.h */,
				F1B3F19B24C2134500DA2549 /* OSXRenderer.h */,
				F1B3F19C24C2134500DA2549 /* GameView.m */,
				F1B3F19D24C2134500DA2549 /* GameWindow.m */,
				F1B3F1C724C238DB00DA2549 /* base.pfs */,
				F1B3F19E24C2134500DA2549 /* OSXRenderer.m */,
				F1B3F18E24C2127B00DA2549 /* AppDelegate.h */,
				F1B3F18F24C2127B00DA2549 /* AppDelegate.m */,
				F1B3F19124C2127B00DA2549 /* MainMenu.xib */,
				F1B3F18324C2127B00DA2549 /* Supporting Files */,
			);
			path = "Mistral OCS";
			sourceTree = "<group>";
		};
		F1B3F18324C2127B00DA2549 /* Supporting Files */ = {
			isa = PBXGroup;
			children = (
				F1B3F18424C2127B00DA2549 /* Mistral OCS-Info.plist */,
				F1B3F18524C2127B00DA2549 /* InfoPlist.strings */,
				F1B3F18824C2127B00DA2549 /* main.m */,
				F1B3F18A24C2127B00DA2549 /* Mistral OCS-Prefix.pch */,
				F1B3F18B24C2127B00DA2549 /* Credits.rtf */,
			);
			name = "Supporting Files";
			sourceTree = "<group>";
		};
/* End PBXGroup section */

/* Begin PBXNativeTarget section */
		F1B3F17824C2127B00DA2549 /* Mistral OCS */ = {
			isa = PBXNativeTarget;
			buildConfigurationList = F1B3F19624C2127B00DA2549 /* Build configuration list for PBXNativeTarget "Mistral OCS" */;
			buildPhases = (
				F1B3F17524C2127B00DA2549 /* Sources */,
				F1B3F17624C2127B00DA2549 /* Frameworks */,
				F1B3F17724C2127B00DA2549 /* Resources */,
			);
			buildRules = (
			);
			dependencies = (
			);
			name = "Mistral OCS";
			productName = "Mistral OCS";
			productReference = F1B3F17924C2127B00DA2549 /* Mistral OCS.app */;
			productType = "com.apple.product-type.application";
		};
/* End PBXNativeTarget section */

/* Begin PBXProject section */
		F1B3F17124C2127B00DA2549 /* Project object */ = {
			isa = PBXProject;
			attributes = {
				LastUpgradeCheck = 0460;
				ORGANIZATIONNAME = "Daniel Monteiro";
			};
			buildConfigurationList = F1B3F17424C2127B00DA2549 /* Build configuration list for PBXProject "Mistral OCS" */;
			compatibilityVersion = "Xcode 3.2";
			developmentRegion = English;
			hasScannedForEncodings = 0;
			knownRegions = (
				English,
				en,
			);
			mainGroup = F1B3F17024C2127B00DA2549;
			productRefGroup = F1B3F17A24C2127B00DA2549 /* Products */;
			projectDirPath = "";
			projectRoot = "";
			targets = (
				F1B3F17824C2127B00DA2549 /* Mistral OCS */,
			);
		};
/* End PBXProject section */

/* Begin PBXResourcesBuildPhase section */
		F1B3F17724C2127B00DA2549 /* Resources */ = {
			isa = PBXResourcesBuildPhase;
			buildActionMask = 2147483647;
			files = (
				F1B3F18724C2127B00DA2549 /* InfoPlist.strings in Resources */,
				F1B3F18D24C2127B00DA2549 /* Credits.rtf in Resources */,
				F1B3F19324C2127B00DA2549 /* MainMenu.xib in Resources */,
				F1B3F1C824C238DB00DA2549 /* base.pfs in Resources */,
			);
			runOnlyForDeploymentPostprocessing = 0;
		};
/* End PBXResourcesBuildPhase section */

/* Begin PBXSourcesBuildPhase section */
		F1B3F17524C2127B00DA2549 /* Sources */ = {
			isa = PBXSourcesBuildPhase;
			buildActionMask = 2147483647;
			files = (
				F1B3F18924C2127B00DA2549 /* main.m in Sources */,
				F1B3F19024C2127B00DA2549 /* AppDelegate.m in Sources */,
				F1B3F19F24C2134500DA2549 /* GameView.m in Sources */,
				F1B3F1A024C2134500DA2549 /* GameWindow.m in Sources */,
				F1B3F1A124C2134500DA2549 /* OSXRenderer.m in Sources */,
				F1B3F1A824C2138A00DA2549 /* CPackedFileReader.c in Sources */,
				F1B3F1A924C2138A00DA2549 /* CRenderer_Rasterization.c in Sources */,
				F1B3F1AA24C2138A00DA2549 /* CRenderer.c in Sources */,
				F1B3F1AB24C2138A00DA2549 /* FixP.c in Sources */,
				F1B3F1AC24C2138A00DA2549 /* Globals.c in Sources */,
				F1B3F1AD24C2138A00DA2549 /* LoadBitmap.c in Sources */,
				F1B3F1BC24C213AA00DA2549 /* CreditsScreen.c in Sources */,
				F1B3F1BE24C213AA00DA2549 /* HelpScreen.c in Sources */,
				F1B3F1BF24C213AA00DA2549 /* Interrogation.c in Sources */,
				F1B3F1C124C213AA00DA2549 /* MainMenu.c in Sources */,
				F1B3F1C224C213AA00DA2549 /* UI.c in Sources */,
				F1B3F1C624C217B500DA2549 /* Engine.c in Sources */,
			);
			runOnlyForDeploymentPostprocessing = 0;
		};
/* End PBXSourcesBuildPhase section */

/* Begin PBXVariantGroup section */
		F1B3F18524C2127B00DA2549 /* InfoPlist.strings */ = {
			isa = PBXVariantGroup;
			children = (
				F1B3F18624C2127B00DA2549 /* en */,
			);
			name = InfoPlist.strings;
			sourceTree = "<group>";
		};
		F1B3F18B24C2127B00DA2549 /* Credits.rtf */ = {
			isa = PBXVariantGroup;
			children = (
				F1B3F18C24C2127B00DA2549 /* en */,
			);
			name = Credits.rtf;
			sourceTree = "<group>";
		};
		F1B3F19124C2127B00DA2549 /* MainMenu.xib */ = {
			isa = PBXVariantGroup;
			children = (
				F1B3F19224C2127B00DA2549 /* en */,
			);
			name = MainMenu.xib;
			sourceTree = "<group>";
		};
/* End PBXVariantGroup section */

/* Begin XCBuildConfiguration section */
		F1B3F19424C2127B00DA2549 /* Debug */ = {
			isa = XCBuildConfiguration;
			buildSettings = {
				ALWAYS_SEARCH_USER_PATHS = NO;
				ARCHS = "$(ARCHS_STANDARD_64_BIT)";
				CLANG_CXX_LANGUAGE_STANDARD = "gnu++0x";
				CLANG_CXX_LIBRARY = "libc++";
				CLANG_WARN_CONSTANT_CONVERSION = YES;
				CLANG_WARN_EMPTY_BODY = YES;
				CLANG_WARN_ENUM_CONVERSION = YES;
				CLANG_WARN_INT_CONVERSION = YES;
				CLANG_WARN__DUPLICATE_METHOD_MATCH = YES;
				COPY_PHASE_STRIP = NO;
				GCC_C_LANGUAGE_STANDARD = gnu99;
				GCC_DYNAMIC_NO_PIC = NO;
				GCC_ENABLE_OBJC_EXCEPTIONS = YES;
				GCC_OPTIMIZATION_LEVEL = 0;
				GCC_PREPROCESSOR_DEFINITIONS = (
					"DEBUG=1",
					"$(inherited)",
					TEXTURES,
				);
				GCC_SYMBOLS_PRIVATE_EXTERN = NO;
				GCC_WARN_64_TO_32_BIT_CONVERSION = YES;
				GCC_WARN_ABOUT_RETURN_TYPE = YES;
				GCC_WARN_UNINITIALIZED_AUTOS = YES;
				GCC_WARN_UNUSED_VARIABLE = YES;
				MACOSX_DEPLOYMENT_TARGET = 10.7;
				ONLY_ACTIVE_ARCH = YES;
				SDKROOT = macosx;
			};
			name = Debug;
		};
		F1B3F19524C2127B00DA2549 /* Release */ = {
			isa = XCBuildConfiguration;
			buildSettings = {
				ALWAYS_SEARCH_USER_PATHS = NO;
				ARCHS = "$(ARCHS_STANDARD_64_BIT)";
				CLANG_CXX_LANGUAGE_STANDARD = "gnu++0x";
				CLANG_CXX_LIBRARY = "libc++";
				CLANG_WARN_CONSTANT_CONVERSION = YES;
				CLANG_WARN_EMPTY_BODY = YES;
				CLANG_WARN_ENUM_CONVERSION = YES;
				CLANG_WARN_INT_CONVERSION = YES;
				CLANG_WARN__DUPLICATE_METHOD_MATCH = YES;
				COPY_PHASE_STRIP = YES;
				DEBUG_INFORMATION_FORMAT = "dwarf-with-dsym";
				GCC_C_LANGUAGE_STANDARD = gnu99;
				GCC_ENABLE_OBJC_EXCEPTIONS = YES;
				GCC_WARN_64_TO_32_BIT_CONVERSION = YES;
				GCC_WARN_ABOUT_RETURN_TYPE = YES;
				GCC_WARN_UNINITIALIZED_AUTOS = YES;
				GCC_WARN_UNUSED_VARIABLE = YES;
				MACOSX_DEPLOYMENT_TARGET = 10.7;
				SDKROOT = macosx;
			};
			name = Release;
		};
		F1B3F19724C2127B00DA2549 /* Debug */ = {
			isa = XCBuildConfiguration;
			buildSettings = {
				COMBINE_HIDPI_IMAGES = YES;
				GCC_PRECOMPILE_PREFIX_HEADER = YES;
				GCC_PREFIX_HEADER = "Mistral OCS/Mistral OCS-Prefix.pch";
				INFOPLIST_FILE = "Mistral OCS/Mistral OCS-Info.plist";
				PRODUCT_NAME = "$(TARGET_NAME)";
				WRAPPER_EXTENSION = app;
			};
			name = Debug;
		};
		F1B3F19824C2127B00DA2549 /* Release */ = {
			isa = XCBuildConfiguration;
			buildSettings = {
				COMBINE_HIDPI_IMAGES = YES;
				GCC_PRECOMPILE_PREFIX_HEADER = YES;
				GCC_PREFIX_HEADER = "Mistral OCS/Mistral OCS-Prefix.pch";
				INFOPLIST_FILE = "Mistral OCS/Mistral OCS-Info.plist";
				PRODUCT_NAME = "$(TARGET_NAME)";
				WRAPPER_EXTENSION = app;
			};
			name = Release;
		};
/* End XCBuildConfiguration section */

/* Begin XCConfigurationList section */
		F1B3F17424C2127B00DA2549 /* Build configuration list for PBXProject "Mistral OCS" */ = {
			isa = XCConfigurationList;
			buildConfigurations = (
				F1B3F19424C2127B00DA2549 /* Debug */,
				F1B3F19524C2127B00DA2549 /* Release */,
			);
			defaultConfigurationIsVisible = 0;
			defaultConfigurationName = Release;
		};
		F1B3F19624C2127B00DA2549 /* Build configuration list for PBXNativeTarget "Mistral OCS" */ = {
			isa = XCConfigurationList;
			buildConfigurations = (
				F1B3F19724C2127B00DA2549 /* Debug */,
				F1B3F19824C2127B00DA2549 /* Release */,
			);
			defaultConfigurationIsVisible = 0;
			defaultConfigurationName = Release;
		};
/* End XCConfigurationList section */
	};
	rootObject = F1B3F17124C2127B00DA2549 /* Project object */;
}
