// !$*UTF8*$!
{
	archiveVersion = 1;
	classes = {
	};
	objectVersion = 50;
	objects = {

/* Begin PBXBuildFile section */
		F1254F01247EFC25000FB68A /* AppDelegate.m in Sources */ = {isa = PBXBuildFile; fileRef = F1254F00247EFC25000FB68A /* AppDelegate.m */; };
		F1254F03247EFC26000FB68A /* Assets.xcassets in Resources */ = {isa = PBXBuildFile; fileRef = F1254F02247EFC26000FB68A /* Assets.xcassets */; };
		F1254F06247EFC26000FB68A /* MainMenu.xib in Resources */ = {isa = PBXBuildFile; fileRef = F1254F04247EFC26000FB68A /* MainMenu.xib */; };
		F1254F09247EFC26000FB68A /* main.m in Sources */ = {isa = PBXBuildFile; fileRef = F1254F08247EFC26000FB68A /* main.m */; };
		F1254F14247EFDCC000FB68A /* GameView.m in Sources */ = {isa = PBXBuildFile; fileRef = F1254F13247EFDCC000FB68A /* GameView.m */; };
		F1254F16247F0E04000FB68A /* demo.c in Sources */ = {isa = PBXBuildFile; fileRef = F1254F15247F0E03000FB68A /* demo.c */; };
/* End PBXBuildFile section */

/* Begin PBXFileReference section */
		F1254EFC247EFC25000FB68A /* Madame Y.app */ = {isa = PBXFileReference; explicitFileType = wrapper.application; includeInIndex = 0; path = "Madame Y.app"; sourceTree = BUILT_PRODUCTS_DIR; };
		F1254EFF247EFC25000FB68A /* AppDelegate.h */ = {isa = PBXFileReference; lastKnownFileType = sourcecode.c.h; path = AppDelegate.h; sourceTree = "<group>"; };
		F1254F00247EFC25000FB68A /* AppDelegate.m */ = {isa = PBXFileReference; lastKnownFileType = sourcecode.c.objc; path = AppDelegate.m; sourceTree = "<group>"; };
		F1254F02247EFC26000FB68A /* Assets.xcassets */ = {isa = PBXFileReference; lastKnownFileType = folder.assetcatalog; path = Assets.xcassets; sourceTree = "<group>"; };
		F1254F05247EFC26000FB68A /* Base */ = {isa = PBXFileReference; lastKnownFileType = file.xib; name = Base; path = Base.lproj/MainMenu.xib; sourceTree = "<group>"; };
		F1254F07247EFC26000FB68A /* Info.plist */ = {isa = PBXFileReference; lastKnownFileType = text.plist.xml; path = Info.plist; sourceTree = "<group>"; };
		F1254F08247EFC26000FB68A /* main.m */ = {isa = PBXFileReference; lastKnownFileType = sourcecode.c.objc; path = main.m; sourceTree = "<group>"; };
		F1254F0A247EFC26000FB68A /* Madame_Y.entitlements */ = {isa = PBXFileReference; lastKnownFileType = text.plist.entitlements; path = Madame_Y.entitlements; sourceTree = "<group>"; };
		F1254F12247EFDCC000FB68A /* GameView.h */ = {isa = PBXFileReference; lastKnownFileType = sourcecode.c.h; path = GameView.h; sourceTree = "<group>"; };
		F1254F13247EFDCC000FB68A /* GameView.m */ = {isa = PBXFileReference; lastKnownFileType = sourcecode.c.objc; path = GameView.m; sourceTree = "<group>"; };
		F1254F15247F0E03000FB68A /* demo.c */ = {isa = PBXFileReference; fileEncoding = 4; lastKnownFileType = sourcecode.c.c; name = demo.c; path = ../../src/demo.c; sourceTree = "<group>"; };
/* End PBXFileReference section */

/* Begin PBXFrameworksBuildPhase section */
		F1254EF9247EFC25000FB68A /* Frameworks */ = {
			isa = PBXFrameworksBuildPhase;
			buildActionMask = 2147483647;
			files = (
			);
			runOnlyForDeploymentPostprocessing = 0;
		};
/* End PBXFrameworksBuildPhase section */

/* Begin PBXGroup section */
		F1254EF3247EFC25000FB68A = {
			isa = PBXGroup;
			children = (
				F1254EFE247EFC25000FB68A /* Madame Y */,
				F1254EFD247EFC25000FB68A /* Products */,
			);
			sourceTree = "<group>";
		};
		F1254EFD247EFC25000FB68A /* Products */ = {
			isa = PBXGroup;
			children = (
				F1254EFC247EFC25000FB68A /* Madame Y.app */,
			);
			name = Products;
			sourceTree = "<group>";
		};
		F1254EFE247EFC25000FB68A /* Madame Y */ = {
			isa = PBXGroup;
			children = (
				F1254EFF247EFC25000FB68A /* AppDelegate.h */,
				F1254F00247EFC25000FB68A /* AppDelegate.m */,
				F1254F02247EFC26000FB68A /* Assets.xcassets */,
				F1254F04247EFC26000FB68A /* MainMenu.xib */,
				F1254F07247EFC26000FB68A /* Info.plist */,
				F1254F08247EFC26000FB68A /* main.m */,
				F1254F15247F0E03000FB68A /* demo.c */,
				F1254F0A247EFC26000FB68A /* Madame_Y.entitlements */,
				F1254F12247EFDCC000FB68A /* GameView.h */,
				F1254F13247EFDCC000FB68A /* GameView.m */,
			);
			path = "Madame Y";
			sourceTree = "<group>";
		};
/* End PBXGroup section */

/* Begin PBXNativeTarget section */
		F1254EFB247EFC25000FB68A /* Madame Y */ = {
			isa = PBXNativeTarget;
			buildConfigurationList = F1254F0D247EFC26000FB68A /* Build configuration list for PBXNativeTarget "Madame Y" */;
			buildPhases = (
				F1254EF8247EFC25000FB68A /* Sources */,
				F1254EF9247EFC25000FB68A /* Frameworks */,
				F1254EFA247EFC25000FB68A /* Resources */,
			);
			buildRules = (
			);
			dependencies = (
			);
			name = "Madame Y";
			productName = "Madame Y";
			productReference = F1254EFC247EFC25000FB68A /* Madame Y.app */;
			productType = "com.apple.product-type.application";
		};
/* End PBXNativeTarget section */

/* Begin PBXProject section */
		F1254EF4247EFC25000FB68A /* Project object */ = {
			isa = PBXProject;
			attributes = {
				LastUpgradeCheck = 1150;
				ORGANIZATIONNAME = "Daniel Monteiro";
				TargetAttributes = {
					F1254EFB247EFC25000FB68A = {
						CreatedOnToolsVersion = 11.5;
					};
				};
			};
			buildConfigurationList = F1254EF7247EFC25000FB68A /* Build configuration list for PBXProject "Madame Y" */;
			compatibilityVersion = "Xcode 9.3";
			developmentRegion = en;
			hasScannedForEncodings = 0;
			knownRegions = (
				en,
				Base,
			);
			mainGroup = F1254EF3247EFC25000FB68A;
			productRefGroup = F1254EFD247EFC25000FB68A /* Products */;
			projectDirPath = "";
			projectRoot = "";
			targets = (
				F1254EFB247EFC25000FB68A /* Madame Y */,
			);
		};
/* End PBXProject section */

/* Begin PBXResourcesBuildPhase section */
		F1254EFA247EFC25000FB68A /* Resources */ = {
			isa = PBXResourcesBuildPhase;
			buildActionMask = 2147483647;
			files = (
				F1254F03247EFC26000FB68A /* Assets.xcassets in Resources */,
				F1254F06247EFC26000FB68A /* MainMenu.xib in Resources */,
			);
			runOnlyForDeploymentPostprocessing = 0;
		};
/* End PBXResourcesBuildPhase section */

/* Begin PBXSourcesBuildPhase section */
		F1254EF8247EFC25000FB68A /* Sources */ = {
			isa = PBXSourcesBuildPhase;
			buildActionMask = 2147483647;
			files = (
				F1254F16247F0E04000FB68A /* demo.c in Sources */,
				F1254F14247EFDCC000FB68A /* GameView.m in Sources */,
				F1254F09247EFC26000FB68A /* main.m in Sources */,
				F1254F01247EFC25000FB68A /* AppDelegate.m in Sources */,
			);
			runOnlyForDeploymentPostprocessing = 0;
		};
/* End PBXSourcesBuildPhase section */

/* Begin PBXVariantGroup section */
		F1254F04247EFC26000FB68A /* MainMenu.xib */ = {
			isa = PBXVariantGroup;
			children = (
				F1254F05247EFC26000FB68A /* Base */,
			);
			name = MainMenu.xib;
			sourceTree = "<group>";
		};
/* End PBXVariantGroup section */

/* Begin XCBuildConfiguration section */
		F1254F0B247EFC26000FB68A /* Debug */ = {
			isa = XCBuildConfiguration;
			buildSettings = {
				ALWAYS_SEARCH_USER_PATHS = NO;
				CLANG_ANALYZER_NONNULL = YES;
				CLANG_ANALYZER_NUMBER_OBJECT_CONVERSION = YES_AGGRESSIVE;
				CLANG_CXX_LANGUAGE_STANDARD = "gnu++14";
				CLANG_CXX_LIBRARY = "libc++";
				CLANG_ENABLE_MODULES = YES;
				CLANG_ENABLE_OBJC_ARC = YES;
				CLANG_ENABLE_OBJC_WEAK = YES;
				CLANG_WARN_BLOCK_CAPTURE_AUTORELEASING = YES;
				CLANG_WARN_BOOL_CONVERSION = YES;
				CLANG_WARN_COMMA = YES;
				CLANG_WARN_CONSTANT_CONVERSION = YES;
				CLANG_WARN_DEPRECATED_OBJC_IMPLEMENTATIONS = YES;
				CLANG_WARN_DIRECT_OBJC_ISA_USAGE = YES_ERROR;
				CLANG_WARN_DOCUMENTATION_COMMENTS = YES;
				CLANG_WARN_EMPTY_BODY = YES;
				CLANG_WARN_ENUM_CONVERSION = YES;
				CLANG_WARN_INFINITE_RECURSION = YES;
				CLANG_WARN_INT_CONVERSION = YES;
				CLANG_WARN_NON_LITERAL_NULL_CONVERSION = YES;
				CLANG_WARN_OBJC_IMPLICIT_RETAIN_SELF = YES;
				CLANG_WARN_OBJC_LITERAL_CONVERSION = YES;
				CLANG_WARN_OBJC_ROOT_CLASS = YES_ERROR;
				CLANG_WARN_RANGE_LOOP_ANALYSIS = YES;
				CLANG_WARN_STRICT_PROTOTYPES = YES;
				CLANG_WARN_SUSPICIOUS_MOVE = YES;
				CLANG_WARN_UNGUARDED_AVAILABILITY = YES_AGGRESSIVE;
				CLANG_WARN_UNREACHABLE_CODE = YES;
				CLANG_WARN__DUPLICATE_METHOD_MATCH = YES;
				COPY_PHASE_STRIP = NO;
				DEBUG_INFORMATION_FORMAT = dwarf;
				ENABLE_STRICT_OBJC_MSGSEND = YES;
				ENABLE_TESTABILITY = YES;
				GCC_C_LANGUAGE_STANDARD = gnu11;
				GCC_DYNAMIC_NO_PIC = NO;
				GCC_NO_COMMON_BLOCKS = YES;
				GCC_OPTIMIZATION_LEVEL = 0;
				GCC_PREPROCESSOR_DEFINITIONS = (
					"DEBUG=1",
					"$(inherited)",
				);
				GCC_WARN_64_TO_32_BIT_CONVERSION = YES;
				GCC_WARN_ABOUT_RETURN_TYPE = YES_ERROR;
				GCC_WARN_UNDECLARED_SELECTOR = YES;
				GCC_WARN_UNINITIALIZED_AUTOS = YES_AGGRESSIVE;
				GCC_WARN_UNUSED_FUNCTION = YES;
				GCC_WARN_UNUSED_VARIABLE = YES;
				MACOSX_DEPLOYMENT_TARGET = 10.8;
				MTL_ENABLE_DEBUG_INFO = INCLUDE_SOURCE;
				MTL_FAST_MATH = YES;
				ONLY_ACTIVE_ARCH = YES;
				SDKROOT = macosx;
			};
			name = Debug;
		};
		F1254F0C247EFC26000FB68A /* Release */ = {
			isa = XCBuildConfiguration;
			buildSettings = {
				ALWAYS_SEARCH_USER_PATHS = NO;
				CLANG_ANALYZER_NONNULL = YES;
				CLANG_ANALYZER_NUMBER_OBJECT_CONVERSION = YES_AGGRESSIVE;
				CLANG_CXX_LANGUAGE_STANDARD = "gnu++14";
				CLANG_CXX_LIBRARY = "libc++";
				CLANG_ENABLE_MODULES = YES;
				CLANG_ENABLE_OBJC_ARC = YES;
				CLANG_ENABLE_OBJC_WEAK = YES;
				CLANG_WARN_BLOCK_CAPTURE_AUTORELEASING = YES;
				CLANG_WARN_BOOL_CONVERSION = YES;
				CLANG_WARN_COMMA = YES;
				CLANG_WARN_CONSTANT_CONVERSION = YES;
				CLANG_WARN_DEPRECATED_OBJC_IMPLEMENTATIONS = YES;
				CLANG_WARN_DIRECT_OBJC_ISA_USAGE = YES_ERROR;
				CLANG_WARN_DOCUMENTATION_COMMENTS = YES;
				CLANG_WARN_EMPTY_BODY = YES;
				CLANG_WARN_ENUM_CONVERSION = YES;
				CLANG_WARN_INFINITE_RECURSION = YES;
				CLANG_WARN_INT_CONVERSION = YES;
				CLANG_WARN_NON_LITERAL_NULL_CONVERSION = YES;
				CLANG_WARN_OBJC_IMPLICIT_RETAIN_SELF = YES;
				CLANG_WARN_OBJC_LITERAL_CONVERSION = YES;
				CLANG_WARN_OBJC_ROOT_CLASS = YES_ERROR;
				CLANG_WARN_RANGE_LOOP_ANALYSIS = YES;
				CLANG_WARN_STRICT_PROTOTYPES = YES;
				CLANG_WARN_SUSPICIOUS_MOVE = YES;
				CLANG_WARN_UNGUARDED_AVAILABILITY = YES_AGGRESSIVE;
				CLANG_WARN_UNREACHABLE_CODE = YES;
				CLANG_WARN__DUPLICATE_METHOD_MATCH = YES;
				COPY_PHASE_STRIP = NO;
				DEBUG_INFORMATION_FORMAT = "dwarf-with-dsym";
				ENABLE_NS_ASSERTIONS = NO;
				ENABLE_STRICT_OBJC_MSGSEND = YES;
				GCC_C_LANGUAGE_STANDARD = gnu11;
				GCC_NO_COMMON_BLOCKS = YES;
				GCC_WARN_64_TO_32_BIT_CONVERSION = YES;
				GCC_WARN_ABOUT_RETURN_TYPE = YES_ERROR;
				GCC_WARN_UNDECLARED_SELECTOR = YES;
				GCC_WARN_UNINITIALIZED_AUTOS = YES_AGGRESSIVE;
				GCC_WARN_UNUSED_FUNCTION = YES;
				GCC_WARN_UNUSED_VARIABLE = YES;
				MACOSX_DEPLOYMENT_TARGET = 10.8;
				MTL_ENABLE_DEBUG_INFO = NO;
				MTL_FAST_MATH = YES;
				SDKROOT = macosx;
			};
			name = Release;
		};
		F1254F0E247EFC26000FB68A /* Debug */ = {
			isa = XCBuildConfiguration;
			buildSettings = {
				ASSETCATALOG_COMPILER_APPICON_NAME = AppIcon;
				CODE_SIGN_ENTITLEMENTS = "Madame Y/Madame_Y.entitlements";
				CODE_SIGN_STYLE = Automatic;
				COMBINE_HIDPI_IMAGES = YES;
				GCC_PREPROCESSOR_DEFINITIONS = XCODE_BUILD;
				INFOPLIST_FILE = "Madame Y/Info.plist";
				LD_RUNPATH_SEARCH_PATHS = (
					"$(inherited)",
					"@executable_path/../Frameworks",
				);
				PRODUCT_BUNDLE_IDENTIFIER = "pt.b13.Madame-Y";
				PRODUCT_NAME = "$(TARGET_NAME)";
			};
			name = Debug;
		};
		F1254F0F247EFC26000FB68A /* Release */ = {
			isa = XCBuildConfiguration;
			buildSettings = {
				ASSETCATALOG_COMPILER_APPICON_NAME = AppIcon;
				CODE_SIGN_ENTITLEMENTS = "Madame Y/Madame_Y.entitlements";
				CODE_SIGN_STYLE = Automatic;
				COMBINE_HIDPI_IMAGES = YES;
				GCC_PREPROCESSOR_DEFINITIONS = XCODE_BUILD;
				INFOPLIST_FILE = "Madame Y/Info.plist";
				LD_RUNPATH_SEARCH_PATHS = (
					"$(inherited)",
					"@executable_path/../Frameworks",
				);
				PRODUCT_BUNDLE_IDENTIFIER = "pt.b13.Madame-Y";
				PRODUCT_NAME = "$(TARGET_NAME)";
			};
			name = Release;
		};
/* End XCBuildConfiguration section */

/* Begin XCConfigurationList section */
		F1254EF7247EFC25000FB68A /* Build configuration list for PBXProject "Madame Y" */ = {
			isa = XCConfigurationList;
			buildConfigurations = (
				F1254F0B247EFC26000FB68A /* Debug */,
				F1254F0C247EFC26000FB68A /* Release */,
			);
			defaultConfigurationIsVisible = 0;
			defaultConfigurationName = Release;
		};
		F1254F0D247EFC26000FB68A /* Build configuration list for PBXNativeTarget "Madame Y" */ = {
			isa = XCConfigurationList;
			buildConfigurations = (
				F1254F0E247EFC26000FB68A /* Debug */,
				F1254F0F247EFC26000FB68A /* Release */,
			);
			defaultConfigurationIsVisible = 0;
			defaultConfigurationName = Release;
		};
/* End XCConfigurationList section */
	};
	rootObject = F1254EF4247EFC25000FB68A /* Project object */;
}
