// !$*UTF8*$!
{
	archiveVersion = 1;
	classes = {
	};
	objectVersion = 56;
	objects = {

/* Begin PBXBuildFile section */
		F1A04EE4291A9E7000765FF0 /* Core.c in Sources */ = {isa = PBXBuildFile; fileRef = F1A04EE0291A9E7000765FF0 /* Core.c */; };
		F1A04EE5291A9E7000765FF0 /* Parser.c in Sources */ = {isa = PBXBuildFile; fileRef = F1A04EE1291A9E7000765FF0 /* Parser.c */; };
		F1A04EE6291A9E7000765FF0 /* main.c in Sources */ = {isa = PBXBuildFile; fileRef = F1A04EE2291A9E7000765FF0 /* main.c */; };
		F1A04EE7291A9E7000765FF0 /* Derelict.c in Sources */ = {isa = PBXBuildFile; fileRef = F1A04EE3291A9E7000765FF0 /* Derelict.c */; };
/* End PBXBuildFile section */

/* Begin PBXCopyFilesBuildPhase section */
		F15E71D1291A9E0300F98A52 /* CopyFiles */ = {
			isa = PBXCopyFilesBuildPhase;
			buildActionMask = 2147483647;
			dstPath = /usr/share/man/man1/;
			dstSubfolderSpec = 0;
			files = (
			);
			runOnlyForDeploymentPostprocessing = 1;
		};
/* End PBXCopyFilesBuildPhase section */

/* Begin PBXFileReference section */
		F15E71D3291A9E0300F98A52 /* Derelict-Core */ = {isa = PBXFileReference; explicitFileType = "compiled.mach-o.executable"; includeInIndex = 0; path = "Derelict-Core"; sourceTree = BUILT_PRODUCTS_DIR; };
		F1A04EE0291A9E7000765FF0 /* Core.c */ = {isa = PBXFileReference; fileEncoding = 4; lastKnownFileType = sourcecode.c.c; name = Core.c; path = ../../src/Core.c; sourceTree = "<group>"; };
		F1A04EE1291A9E7000765FF0 /* Parser.c */ = {isa = PBXFileReference; fileEncoding = 4; lastKnownFileType = sourcecode.c.c; name = Parser.c; path = ../../src/Parser.c; sourceTree = "<group>"; };
		F1A04EE2291A9E7000765FF0 /* main.c */ = {isa = PBXFileReference; fileEncoding = 4; lastKnownFileType = sourcecode.c.c; name = main.c; path = ../../src/main.c; sourceTree = "<group>"; };
		F1A04EE3291A9E7000765FF0 /* Derelict.c */ = {isa = PBXFileReference; fileEncoding = 4; lastKnownFileType = sourcecode.c.c; name = Derelict.c; path = ../../src/Derelict.c; sourceTree = "<group>"; };
/* End PBXFileReference section */

/* Begin PBXFrameworksBuildPhase section */
		F15E71D0291A9E0300F98A52 /* Frameworks */ = {
			isa = PBXFrameworksBuildPhase;
			buildActionMask = 2147483647;
			files = (
			);
			runOnlyForDeploymentPostprocessing = 0;
		};
/* End PBXFrameworksBuildPhase section */

/* Begin PBXGroup section */
		F15E71CA291A9E0300F98A52 = {
			isa = PBXGroup;
			children = (
				F15E71D5291A9E0300F98A52 /* Derelict-Core */,
				F15E71D4291A9E0300F98A52 /* Products */,
			);
			sourceTree = "<group>";
		};
		F15E71D4291A9E0300F98A52 /* Products */ = {
			isa = PBXGroup;
			children = (
				F15E71D3291A9E0300F98A52 /* Derelict-Core */,
			);
			name = Products;
			sourceTree = "<group>";
		};
		F15E71D5291A9E0300F98A52 /* Derelict-Core */ = {
			isa = PBXGroup;
			children = (
				F1A04EE0291A9E7000765FF0 /* Core.c */,
				F1A04EE3291A9E7000765FF0 /* Derelict.c */,
				F1A04EE2291A9E7000765FF0 /* main.c */,
				F1A04EE1291A9E7000765FF0 /* Parser.c */,
			);
			path = "Derelict-Core";
			sourceTree = "<group>";
		};
/* End PBXGroup section */

/* Begin PBXNativeTarget section */
		F15E71D2291A9E0300F98A52 /* Derelict-Core */ = {
			isa = PBXNativeTarget;
			buildConfigurationList = F15E71DA291A9E0300F98A52 /* Build configuration list for PBXNativeTarget "Derelict-Core" */;
			buildPhases = (
				F15E71CF291A9E0300F98A52 /* Sources */,
				F15E71D0291A9E0300F98A52 /* Frameworks */,
				F15E71D1291A9E0300F98A52 /* CopyFiles */,
			);
			buildRules = (
			);
			dependencies = (
			);
			name = "Derelict-Core";
			productName = "Derelict-Core";
			productReference = F15E71D3291A9E0300F98A52 /* Derelict-Core */;
			productType = "com.apple.product-type.tool";
		};
/* End PBXNativeTarget section */

/* Begin PBXProject section */
		F15E71CB291A9E0300F98A52 /* Project object */ = {
			isa = PBXProject;
			attributes = {
				BuildIndependentTargetsInParallel = 1;
				LastUpgradeCheck = 1400;
				TargetAttributes = {
					F15E71D2291A9E0300F98A52 = {
						CreatedOnToolsVersion = 14.0.1;
					};
				};
			};
			buildConfigurationList = F15E71CE291A9E0300F98A52 /* Build configuration list for PBXProject "Derelict-Core" */;
			compatibilityVersion = "Xcode 14.0";
			developmentRegion = en;
			hasScannedForEncodings = 0;
			knownRegions = (
				en,
				Base,
			);
			mainGroup = F15E71CA291A9E0300F98A52;
			productRefGroup = F15E71D4291A9E0300F98A52 /* Products */;
			projectDirPath = "";
			projectRoot = "";
			targets = (
				F15E71D2291A9E0300F98A52 /* Derelict-Core */,
			);
		};
/* End PBXProject section */

/* Begin PBXSourcesBuildPhase section */
		F15E71CF291A9E0300F98A52 /* Sources */ = {
			isa = PBXSourcesBuildPhase;
			buildActionMask = 2147483647;
			files = (
				F1A04EE5291A9E7000765FF0 /* Parser.c in Sources */,
				F1A04EE4291A9E7000765FF0 /* Core.c in Sources */,
				F1A04EE6291A9E7000765FF0 /* main.c in Sources */,
				F1A04EE7291A9E7000765FF0 /* Derelict.c in Sources */,
			);
			runOnlyForDeploymentPostprocessing = 0;
		};
/* End PBXSourcesBuildPhase section */

/* Begin XCBuildConfiguration section */
		F15E71D8291A9E0300F98A52 /* Debug */ = {
			isa = XCBuildConfiguration;
			buildSettings = {
				ALWAYS_SEARCH_USER_PATHS = NO;
				CLANG_ANALYZER_NONNULL = YES;
				CLANG_ANALYZER_NUMBER_OBJECT_CONVERSION = YES_AGGRESSIVE;
				CLANG_CXX_LANGUAGE_STANDARD = "gnu++20";
				CLANG_ENABLE_MODULES = YES;
				CLANG_ENABLE_OBJC_ARC = YES;
				CLANG_ENABLE_OBJC_WEAK = YES;
				CLANG_WARN_BLOCK_CAPTURE_AUTORELEASING = YES;
				CLANG_WARN_BOOL_CONVERSION = YES;
				CLANG_WARN_COMMA = YES;
				CLANG_WARN_CONSTANT_CONVERSION = YES;
				CLANG_WARN_DEPRECATED_OBJC_IMPLEMENTATIONS = YES;
				CLANG_WARN_DIRECT_OBJC_ISA_USAGE = YES_ERROR;
				CLANG_WARN_DOCUMENTATION_COMMENTS = YES;
				CLANG_WARN_EMPTY_BODY = YES;
				CLANG_WARN_ENUM_CONVERSION = YES;
				CLANG_WARN_INFINITE_RECURSION = YES;
				CLANG_WARN_INT_CONVERSION = YES;
				CLANG_WARN_NON_LITERAL_NULL_CONVERSION = YES;
				CLANG_WARN_OBJC_IMPLICIT_RETAIN_SELF = YES;
				CLANG_WARN_OBJC_LITERAL_CONVERSION = YES;
				CLANG_WARN_OBJC_ROOT_CLASS = YES_ERROR;
				CLANG_WARN_QUOTED_INCLUDE_IN_FRAMEWORK_HEADER = YES;
				CLANG_WARN_RANGE_LOOP_ANALYSIS = YES;
				CLANG_WARN_STRICT_PROTOTYPES = YES;
				CLANG_WARN_SUSPICIOUS_MOVE = YES;
				CLANG_WARN_UNGUARDED_AVAILABILITY = YES_AGGRESSIVE;
				CLANG_WARN_UNREACHABLE_CODE = YES;
				CLANG_WARN__DUPLICATE_METHOD_MATCH = YES;
				COPY_PHASE_STRIP = NO;
				DEBUG_INFORMATION_FORMAT = dwarf;
				ENABLE_STRICT_OBJC_MSGSEND = YES;
				ENABLE_TESTABILITY = YES;
				GCC_C_LANGUAGE_STANDARD = gnu11;
				GCC_DYNAMIC_NO_PIC = NO;
				GCC_NO_COMMON_BLOCKS = YES;
				GCC_OPTIMIZATION_LEVEL = 0;
				GCC_PREPROCESSOR_DEFINITIONS = (
					"DEBUG=1",
					"$(inherited)",
				);
				GCC_WARN_64_TO_32_BIT_CONVERSION = YES;
				GCC_WARN_ABOUT_RETURN_TYPE = YES_ERROR;
				GCC_WARN_UNDECLARED_SELECTOR = YES;
				GCC_WARN_UNINITIALIZED_AUTOS = YES_AGGRESSIVE;
				GCC_WARN_UNUSED_FUNCTION = YES;
				GCC_WARN_UNUSED_VARIABLE = YES;
				MACOSX_DEPLOYMENT_TARGET = 12.3;
				MTL_ENABLE_DEBUG_INFO = INCLUDE_SOURCE;
				MTL_FAST_MATH = YES;
				ONLY_ACTIVE_ARCH = YES;
				SDKROOT = macosx;
			};
			name = Debug;
		};
		F15E71D9291A9E0300F98A52 /* Release */ = {
			isa = XCBuildConfiguration;
			buildSettings = {
				ALWAYS_SEARCH_USER_PATHS = NO;
				CLANG_ANALYZER_NONNULL = YES;
				CLANG_ANALYZER_NUMBER_OBJECT_CONVERSION = YES_AGGRESSIVE;
				CLANG_CXX_LANGUAGE_STANDARD = "gnu++20";
				CLANG_ENABLE_MODULES = YES;
				CLANG_ENABLE_OBJC_ARC = YES;
				CLANG_ENABLE_OBJC_WEAK = YES;
				CLANG_WARN_BLOCK_CAPTURE_AUTORELEASING = YES;
				CLANG_WARN_BOOL_CONVERSION = YES;
				CLANG_WARN_COMMA = YES;
				CLANG_WARN_CONSTANT_CONVERSION = YES;
				CLANG_WARN_DEPRECATED_OBJC_IMPLEMENTATIONS = YES;
				CLANG_WARN_DIRECT_OBJC_ISA_USAGE = YES_ERROR;
				CLANG_WARN_DOCUMENTATION_COMMENTS = YES;
				CLANG_WARN_EMPTY_BODY = YES;
				CLANG_WARN_ENUM_CONVERSION = YES;
				CLANG_WARN_INFINITE_RECURSION = YES;
				CLANG_WARN_INT_CONVERSION = YES;
				CLANG_WARN_NON_LITERAL_NULL_CONVERSION = YES;
				CLANG_WARN_OBJC_IMPLICIT_RETAIN_SELF = YES;
				CLANG_WARN_OBJC_LITERAL_CONVERSION = YES;
				CLANG_WARN_OBJC_ROOT_CLASS = YES_ERROR;
				CLANG_WARN_QUOTED_INCLUDE_IN_FRAMEWORK_HEADER = YES;
				CLANG_WARN_RANGE_LOOP_ANALYSIS = YES;
				CLANG_WARN_STRICT_PROTOTYPES = YES;
				CLANG_WARN_SUSPICIOUS_MOVE = YES;
				CLANG_WARN_UNGUARDED_AVAILABILITY = YES_AGGRESSIVE;
				CLANG_WARN_UNREACHABLE_CODE = YES;
				CLANG_WARN__DUPLICATE_METHOD_MATCH = YES;
				COPY_PHASE_STRIP = NO;
				DEBUG_INFORMATION_FORMAT = "dwarf-with-dsym";
				ENABLE_NS_ASSERTIONS = NO;
				ENABLE_STRICT_OBJC_MSGSEND = YES;
				GCC_C_LANGUAGE_STANDARD = gnu11;
				GCC_NO_COMMON_BLOCKS = YES;
				GCC_WARN_64_TO_32_BIT_CONVERSION = YES;
				GCC_WARN_ABOUT_RETURN_TYPE = YES_ERROR;
				GCC_WARN_UNDECLARED_SELECTOR = YES;
				GCC_WARN_UNINITIALIZED_AUTOS = YES_AGGRESSIVE;
				GCC_WARN_UNUSED_FUNCTION = YES;
				GCC_WARN_UNUSED_VARIABLE = YES;
				MACOSX_DEPLOYMENT_TARGET = 12.3;
				MTL_ENABLE_DEBUG_INFO = NO;
				MTL_FAST_MATH = YES;
				SDKROOT = macosx;
			};
			name = Release;
		};
		F15E71DB291A9E0300F98A52 /* Debug */ = {
			isa = XCBuildConfiguration;
			buildSettings = {
				CODE_SIGN_STYLE = Automatic;
				GCC_PREPROCESSOR_DEFINITIONS = (
					MORE_OBJECTS,
					MOVE_TO_OBJECT_POSITION_WHEM_PICKING,
					HAS_STDIO,
					CLI_BUILD,
				);
				HEADER_SEARCH_PATHS = "../include/**";
				PRODUCT_NAME = "$(TARGET_NAME)";
			};
			name = Debug;
		};
		F15E71DC291A9E0300F98A52 /* Release */ = {
			isa = XCBuildConfiguration;
			buildSettings = {
				CODE_SIGN_STYLE = Automatic;
				GCC_PREPROCESSOR_DEFINITIONS = (
					MORE_OBJECTS,
					MOVE_TO_OBJECT_POSITION_WHEM_PICKING,
					HAS_STDIO,
					CLI_BUILD,
				);
				HEADER_SEARCH_PATHS = "../include/**";
				PRODUCT_NAME = "$(TARGET_NAME)";
			};
			name = Release;
		};
/* End XCBuildConfiguration section */

/* Begin XCConfigurationList section */
		F15E71CE291A9E0300F98A52 /* Build configuration list for PBXProject "Derelict-Core" */ = {
			isa = XCConfigurationList;
			buildConfigurations = (
				F15E71D8291A9E0300F98A52 /* Debug */,
				F15E71D9291A9E0300F98A52 /* Release */,
			);
			defaultConfigurationIsVisible = 0;
			defaultConfigurationName = Release;
		};
		F15E71DA291A9E0300F98A52 /* Build configuration list for PBXNativeTarget "Derelict-Core" */ = {
			isa = XCConfigurationList;
			buildConfigurations = (
				F15E71DB291A9E0300F98A52 /* Debug */,
				F15E71DC291A9E0300F98A52 /* Release */,
			);
			defaultConfigurationIsVisible = 0;
			defaultConfigurationName = Release;
		};
/* End XCConfigurationList section */
	};
	rootObject = F15E71CB291A9E0300F98A52 /* Project object */;
}
