// !$*UTF8*$!
{
	archiveVersion = 1;
	classes = {
	};
	objectVersion = 46;
	objects = {

/* Begin PBXBuildFile section */
		F109CCA82B40E8C200832AEF /* NullMusic.c in Sources */ = {isa = PBXBuildFile; fileRef = F109CCA72B40E8C200832AEF /* NullMusic.c */; };
		F1293AEC2B41C7400094E02B /* Cocoa.framework in Frameworks */ = {isa = PBXBuildFile; fileRef = F1293AEB2B41C7400094E02B /* Cocoa.framework */; };
		F1293AEE2B41C7480094E02B /* OpenGL.framework in Frameworks */ = {isa = PBXBuildFile; fileRef = F1293AED2B41C7480094E02B /* OpenGL.framework */; };
		F1293AEF2B41C7C70094E02B /* base.pfs in Resources */ = {isa = PBXBuildFile; fileRef = F163BA122B3EFA1E00C03D9E /* base.pfs */; };
		F1293AF02B41C7D10094E02B /* Core.c in Sources */ = {isa = PBXBuildFile; fileRef = F163BA0A2B3EF28900C03D9E /* Core.c */; };
		F1293AF12B41C7D10094E02B /* Derelict.c in Sources */ = {isa = PBXBuildFile; fileRef = F163BA0B2B3EF28900C03D9E /* Derelict.c */; };
		F1293AF22B41C7D10094E02B /* Parser.c in Sources */ = {isa = PBXBuildFile; fileRef = F163BA0D2B3EF28900C03D9E /* Parser.c */; };
		F1293AF32B41C7D60094E02B /* GLESCommon.c in Sources */ = {isa = PBXBuildFile; fileRef = F163B9E92B3EF25100C03D9E /* GLESCommon.c */; };
		F1293AF42B41C7D60094E02B /* LoadBitmap.c in Sources */ = {isa = PBXBuildFile; fileRef = F163B9EA2B3EF25100C03D9E /* LoadBitmap.c */; };
		F1293AF62B41C7D60094E02B /* RendererRasterization.c in Sources */ = {isa = PBXBuildFile; fileRef = F163B9EC2B3EF25100C03D9E /* RendererRasterization.c */; };
		F1293AF72B41C7D60094E02B /* RendererTesselation.c in Sources */ = {isa = PBXBuildFile; fileRef = F163B9ED2B3EF25100C03D9E /* RendererTesselation.c */; };
		F1293AF82B41C7DB0094E02B /* Common.c in Sources */ = {isa = PBXBuildFile; fileRef = F163B98D2B3EF1A200C03D9E /* Common.c */; };
		F1293AF92B41C7DB0094E02B /* Crawler.c in Sources */ = {isa = PBXBuildFile; fileRef = F163B9902B3EF1A200C03D9E /* Crawler.c */; };
		F1293AFA2B41C7DB0094E02B /* CreditsScreen.c in Sources */ = {isa = PBXBuildFile; fileRef = F163B9912B3EF1A200C03D9E /* CreditsScreen.c */; };
		F1293AFB2B41C7DB0094E02B /* CTile3DProperties.c in Sources */ = {isa = PBXBuildFile; fileRef = F163B9922B3EF1A200C03D9E /* CTile3DProperties.c */; };
		F1293AFC2B41C7DB0094E02B /* Dungeon.c in Sources */ = {isa = PBXBuildFile; fileRef = F163B9932B3EF1A200C03D9E /* Dungeon.c */; };
		F1293AFD2B41C7DB0094E02B /* EDirection_Utils.c in Sources */ = {isa = PBXBuildFile; fileRef = F163B9942B3EF1A200C03D9E /* EDirection_Utils.c */; };
		F1293AFE2B41C7DB0094E02B /* Engine.c in Sources */ = {isa = PBXBuildFile; fileRef = F163B9952B3EF1A200C03D9E /* Engine.c */; };
		F1293AFF2B41C7DB0094E02B /* Events.c in Sources */ = {isa = PBXBuildFile; fileRef = F163B9962B3EF1A200C03D9E /* Events.c */; };
		F1293B002B41C7DB0094E02B /* FixP.c in Sources */ = {isa = PBXBuildFile; fileRef = F163B9972B3EF1A200C03D9E /* FixP.c */; };
		F1293B012B41C7DB0094E02B /* GameMenu.c in Sources */ = {isa = PBXBuildFile; fileRef = F163B9982B3EF1A200C03D9E /* GameMenu.c */; };
		F1293B022B41C7DB0094E02B /* Globals.c in Sources */ = {isa = PBXBuildFile; fileRef = F163B99A2B3EF1A200C03D9E /* Globals.c */; };
		F1293B032B41C7DB0094E02B /* HackingMinigameRules.c in Sources */ = {isa = PBXBuildFile; fileRef = F163B99B2B3EF1A200C03D9E /* HackingMinigameRules.c */; };
		F1293B042B41C7DB0094E02B /* NullMusic.c in Sources */ = {isa = PBXBuildFile; fileRef = F109CCA72B40E8C200832AEF /* NullMusic.c */; };
		F1293B052B41C7DB0094E02B /* HackingScreen.c in Sources */ = {isa = PBXBuildFile; fileRef = F163B99C2B3EF1A200C03D9E /* HackingScreen.c */; };
		F1293B062B41C7DB0094E02B /* HelpScreen.c in Sources */ = {isa = PBXBuildFile; fileRef = F163B99D2B3EF1A200C03D9E /* HelpScreen.c */; };
		F1293B072B41C7DB0094E02B /* MainMenu.c in Sources */ = {isa = PBXBuildFile; fileRef = F163B99E2B3EF1A200C03D9E /* MainMenu.c */; };
		F1293B082B41C7DB0094E02B /* MapWithCharKey.c in Sources */ = {isa = PBXBuildFile; fileRef = F163B99F2B3EF1A200C03D9E /* MapWithCharKey.c */; };
		F1293B092B41C7DB0094E02B /* Mesh.c in Sources */ = {isa = PBXBuildFile; fileRef = F163B9A02B3EF1A200C03D9E /* Mesh.c */; };
		F1293B0A2B41C7DB0094E02B /* PackedFileReader.c in Sources */ = {isa = PBXBuildFile; fileRef = F163B9A72B3EF1A200C03D9E /* PackedFileReader.c */; };
		F1293B0B2B41C7DB0094E02B /* UI.c in Sources */ = {isa = PBXBuildFile; fileRef = F163B9AD2B3EF1A200C03D9E /* UI.c */; };
		F1293B0C2B41C7DB0094E02B /* Vec.c in Sources */ = {isa = PBXBuildFile; fileRef = F163B9AE2B3EF1A200C03D9E /* Vec.c */; };
		F1293B0D2B41C7DB0094E02B /* VisibilityStrategy.c in Sources */ = {isa = PBXBuildFile; fileRef = F163B9AF2B3EF1A200C03D9E /* VisibilityStrategy.c */; };
		F1293B1D2B41C8CE0094E02B /* AppDelegate.m in Sources */ = {isa = PBXBuildFile; fileRef = F1293B102B41C8CE0094E02B /* AppDelegate.m */; };
		F1293B1E2B41C8CE0094E02B /* Credits.rtf in Resources */ = {isa = PBXBuildFile; fileRef = F1293B112B41C8CE0094E02B /* Credits.rtf */; };
		F1293B1F2B41C8CE0094E02B /* InfoPlist.strings in Resources */ = {isa = PBXBuildFile; fileRef = F1293B132B41C8CE0094E02B /* InfoPlist.strings */; };
		F1293B202B41C8CE0094E02B /* MainMenu.xib in Resources */ = {isa = PBXBuildFile; fileRef = F1293B152B41C8CE0094E02B /* MainMenu.xib */; };
		F1293B212B41C8CE0094E02B /* GameWindow.m in Sources */ = {isa = PBXBuildFile; fileRef = F1293B182B41C8CE0094E02B /* GameWindow.m */; };
		F1293B222B41C8CE0094E02B /* main.m in Sources */ = {isa = PBXBuildFile; fileRef = F1293B192B41C8CE0094E02B /* main.m */; };
		F1293B232B41C8CE0094E02B /* MyOpenGLView.m in Sources */ = {isa = PBXBuildFile; fileRef = F1293B1B2B41C8CE0094E02B /* MyOpenGLView.m */; };
		F1293B242B41C8CE0094E02B /* Derelict128-OSX-info.plist in Resources */ = {isa = PBXBuildFile; fileRef = F1293B1C2B41C8CE0094E02B /* Derelict128-OSX-info.plist */; };
		F1293B382B41C9050094E02B /* AppDelegate.m in Sources */ = {isa = PBXBuildFile; fileRef = F1293B272B41C9050094E02B /* AppDelegate.m */; };
		F1293B392B41C9050094E02B /* Default-568h@2x.png in Resources */ = {isa = PBXBuildFile; fileRef = F1293B282B41C9050094E02B /* Default-568h@2x.png */; };
		F1293B3A2B41C9050094E02B /* Default.png in Resources */ = {isa = PBXBuildFile; fileRef = F1293B292B41C9050094E02B /* Default.png */; };
		F1293B3B2B41C9050094E02B /* Default@2x.png in Resources */ = {isa = PBXBuildFile; fileRef = F1293B2A2B41C9050094E02B /* Default@2x.png */; };
		F1293B3C2B41C9050094E02B /* Derelict128-iOS-Info.plist in Resources */ = {isa = PBXBuildFile; fileRef = F1293B2B2B41C9050094E02B /* Derelict128-iOS-Info.plist */; };
		F1293B3D2B41C9050094E02B /* InfoPlist.strings in Resources */ = {isa = PBXBuildFile; fileRef = F1293B2C2B41C9050094E02B /* InfoPlist.strings */; };
		F1293B3E2B41C9050094E02B /* ViewController_iPad.xib in Resources */ = {isa = PBXBuildFile; fileRef = F1293B2E2B41C9050094E02B /* ViewController_iPad.xib */; };
		F1293B3F2B41C9050094E02B /* ViewController_iPhone.xib in Resources */ = {isa = PBXBuildFile; fileRef = F1293B302B41C9050094E02B /* ViewController_iPhone.xib */; };
		F1293B402B41C9050094E02B /* main.m in Sources */ = {isa = PBXBuildFile; fileRef = F1293B322B41C9050094E02B /* main.m */; };
		F1293B412B41C9050094E02B /* Shader.fsh in Sources */ = {isa = PBXBuildFile; fileRef = F1293B342B41C9050094E02B /* Shader.fsh */; };
		F1293B422B41C9050094E02B /* Shader.vsh in Sources */ = {isa = PBXBuildFile; fileRef = F1293B352B41C9050094E02B /* Shader.vsh */; };
		F1293B432B41C9050094E02B /* ViewController.m in Sources */ = {isa = PBXBuildFile; fileRef = F1293B372B41C9050094E02B /* ViewController.m */; };
		F163B9B72B3EF1A200C03D9E /* Common.c in Sources */ = {isa = PBXBuildFile; fileRef = F163B98D2B3EF1A200C03D9E /* Common.c */; };
		F163B9BA2B3EF1A200C03D9E /* Crawler.c in Sources */ = {isa = PBXBuildFile; fileRef = F163B9902B3EF1A200C03D9E /* Crawler.c */; };
		F163B9BB2B3EF1A200C03D9E /* CreditsScreen.c in Sources */ = {isa = PBXBuildFile; fileRef = F163B9912B3EF1A200C03D9E /* CreditsScreen.c */; };
		F163B9BC2B3EF1A200C03D9E /* CTile3DProperties.c in Sources */ = {isa = PBXBuildFile; fileRef = F163B9922B3EF1A200C03D9E /* CTile3DProperties.c */; };
		F163B9BD2B3EF1A200C03D9E /* Dungeon.c in Sources */ = {isa = PBXBuildFile; fileRef = F163B9932B3EF1A200C03D9E /* Dungeon.c */; };
		F163B9BE2B3EF1A200C03D9E /* EDirection_Utils.c in Sources */ = {isa = PBXBuildFile; fileRef = F163B9942B3EF1A200C03D9E /* EDirection_Utils.c */; };
		F163B9BF2B3EF1A200C03D9E /* Engine.c in Sources */ = {isa = PBXBuildFile; fileRef = F163B9952B3EF1A200C03D9E /* Engine.c */; };
		F163B9C02B3EF1A200C03D9E /* Events.c in Sources */ = {isa = PBXBuildFile; fileRef = F163B9962B3EF1A200C03D9E /* Events.c */; };
		F163B9C12B3EF1A200C03D9E /* FixP.c in Sources */ = {isa = PBXBuildFile; fileRef = F163B9972B3EF1A200C03D9E /* FixP.c */; };
		F163B9C22B3EF1A200C03D9E /* GameMenu.c in Sources */ = {isa = PBXBuildFile; fileRef = F163B9982B3EF1A200C03D9E /* GameMenu.c */; };
		F163B9C42B3EF1A200C03D9E /* Globals.c in Sources */ = {isa = PBXBuildFile; fileRef = F163B99A2B3EF1A200C03D9E /* Globals.c */; };
		F163B9C52B3EF1A200C03D9E /* HackingMinigameRules.c in Sources */ = {isa = PBXBuildFile; fileRef = F163B99B2B3EF1A200C03D9E /* HackingMinigameRules.c */; };
		F163B9C62B3EF1A200C03D9E /* HackingScreen.c in Sources */ = {isa = PBXBuildFile; fileRef = F163B99C2B3EF1A200C03D9E /* HackingScreen.c */; };
		F163B9C72B3EF1A200C03D9E /* HelpScreen.c in Sources */ = {isa = PBXBuildFile; fileRef = F163B99D2B3EF1A200C03D9E /* HelpScreen.c */; };
		F163B9C82B3EF1A200C03D9E /* MainMenu.c in Sources */ = {isa = PBXBuildFile; fileRef = F163B99E2B3EF1A200C03D9E /* MainMenu.c */; };
		F163B9C92B3EF1A200C03D9E /* MapWithCharKey.c in Sources */ = {isa = PBXBuildFile; fileRef = F163B99F2B3EF1A200C03D9E /* MapWithCharKey.c */; };
		F163B9CA2B3EF1A200C03D9E /* Mesh.c in Sources */ = {isa = PBXBuildFile; fileRef = F163B9A02B3EF1A200C03D9E /* Mesh.c */; };
		F163B9D12B3EF1A200C03D9E /* PackedFileReader.c in Sources */ = {isa = PBXBuildFile; fileRef = F163B9A72B3EF1A200C03D9E /* PackedFileReader.c */; };
		F163B9D72B3EF1A200C03D9E /* UI.c in Sources */ = {isa = PBXBuildFile; fileRef = F163B9AD2B3EF1A200C03D9E /* UI.c */; };
		F163B9D82B3EF1A200C03D9E /* Vec.c in Sources */ = {isa = PBXBuildFile; fileRef = F163B9AE2B3EF1A200C03D9E /* Vec.c */; };
		F163B9D92B3EF1A200C03D9E /* VisibilityStrategy.c in Sources */ = {isa = PBXBuildFile; fileRef = F163B9AF2B3EF1A200C03D9E /* VisibilityStrategy.c */; };
		F163B9FA2B3EF25100C03D9E /* GLESCommon.c in Sources */ = {isa = PBXBuildFile; fileRef = F163B9E92B3EF25100C03D9E /* GLESCommon.c */; };
		F163B9FB2B3EF25100C03D9E /* LoadBitmap.c in Sources */ = {isa = PBXBuildFile; fileRef = F163B9EA2B3EF25100C03D9E /* LoadBitmap.c */; };
		F163B9FD2B3EF25100C03D9E /* RendererRasterization.c in Sources */ = {isa = PBXBuildFile; fileRef = F163B9EC2B3EF25100C03D9E /* RendererRasterization.c */; };
		F163B9FE2B3EF25100C03D9E /* RendererTesselation.c in Sources */ = {isa = PBXBuildFile; fileRef = F163B9ED2B3EF25100C03D9E /* RendererTesselation.c */; };
		F163BA0E2B3EF28900C03D9E /* Core.c in Sources */ = {isa = PBXBuildFile; fileRef = F163BA0A2B3EF28900C03D9E /* Core.c */; };
		F163BA0F2B3EF28900C03D9E /* Derelict.c in Sources */ = {isa = PBXBuildFile; fileRef = F163BA0B2B3EF28900C03D9E /* Derelict.c */; };
		F163BA112B3EF28900C03D9E /* Parser.c in Sources */ = {isa = PBXBuildFile; fileRef = F163BA0D2B3EF28900C03D9E /* Parser.c */; };
		F163BA132B3EFA1E00C03D9E /* base.pfs in Resources */ = {isa = PBXBuildFile; fileRef = F163BA122B3EFA1E00C03D9E /* base.pfs */; };
		F17FD5482B8A23B7002C0D45 /* Renderer.c in Sources */ = {isa = PBXBuildFile; fileRef = F17FD5472B8A23B7002C0D45 /* Renderer.c */; };
		F17FD5492B8A23B7002C0D45 /* Renderer.c in Sources */ = {isa = PBXBuildFile; fileRef = F17FD5472B8A23B7002C0D45 /* Renderer.c */; };
		F17FD54C2B8A2462002C0D45 /* Matrices.c in Sources */ = {isa = PBXBuildFile; fileRef = F17FD54B2B8A2462002C0D45 /* Matrices.c */; };
		F17FD54D2B8A2462002C0D45 /* Matrices.c in Sources */ = {isa = PBXBuildFile; fileRef = F17FD54B2B8A2462002C0D45 /* Matrices.c */; };
		F17FD54F2B8A26C3002C0D45 /* title_art.png in Resources */ = {isa = PBXBuildFile; fileRef = F17FD54E2B8A26C3002C0D45 /* title_art.png */; };
		F1A2C9D92B3EF09700F2E1CA /* UIKit.framework in Frameworks */ = {isa = PBXBuildFile; fileRef = F1A2C9D82B3EF09700F2E1CA /* UIKit.framework */; };
		F1A2C9DB2B3EF09700F2E1CA /* Foundation.framework in Frameworks */ = {isa = PBXBuildFile; fileRef = F1A2C9DA2B3EF09700F2E1CA /* Foundation.framework */; };
		F1A2C9DD2B3EF09700F2E1CA /* CoreGraphics.framework in Frameworks */ = {isa = PBXBuildFile; fileRef = F1A2C9DC2B3EF09700F2E1CA /* CoreGraphics.framework */; };
		F1A2C9DF2B3EF09700F2E1CA /* GLKit.framework in Frameworks */ = {isa = PBXBuildFile; fileRef = F1A2C9DE2B3EF09700F2E1CA /* GLKit.framework */; };
		F1A2C9E12B3EF09700F2E1CA /* OpenGLES.framework in Frameworks */ = {isa = PBXBuildFile; fileRef = F1A2C9E02B3EF09700F2E1CA /* OpenGLES.framework */; };
		F1F3E0FF2B46E77E00D86751 /* TitleScreen.m in Sources */ = {isa = PBXBuildFile; fileRef = F1F3E0FD2B46E77E00D86751 /* TitleScreen.m */; };
		F1F3E1002B46E77E00D86751 /* TitleScreen_iPad.xib in Resources */ = {isa = PBXBuildFile; fileRef = F1F3E0FE2B46E77E00D86751 /* TitleScreen_iPad.xib */; };
		F1F3E1022B46ED1200D86751 /* TitleScreen_iPhone.xib in Resources */ = {isa = PBXBuildFile; fileRef = F1F3E1012B46ED1200D86751 /* TitleScreen_iPhone.xib */; };
/* End PBXBuildFile section */

/* Begin PBXFileReference section */
		F109CCA72B40E8C200832AEF /* NullMusic.c */ = {isa = PBXFileReference; fileEncoding = 4; lastKnownFileType = sourcecode.c.c; path = NullMusic.c; sourceTree = "<group>"; };
		F1293ABD2B41C63D0094E02B /* Derelict128 OSX (GL 2.1).app */ = {isa = PBXFileReference; explicitFileType = wrapper.application; includeInIndex = 0; path = "Derelict128 OSX (GL 2.1).app"; sourceTree = BUILT_PRODUCTS_DIR; };
		F1293AEB2B41C7400094E02B /* Cocoa.framework */ = {isa = PBXFileReference; lastKnownFileType = wrapper.framework; name = Cocoa.framework; path = Platforms/MacOSX.platform/Developer/SDKs/MacOSX10.8.sdk/System/Library/Frameworks/Cocoa.framework; sourceTree = DEVELOPER_DIR; };
		F1293AED2B41C7480094E02B /* OpenGL.framework */ = {isa = PBXFileReference; lastKnownFileType = wrapper.framework; name = OpenGL.framework; path = Platforms/MacOSX.platform/Developer/SDKs/MacOSX10.8.sdk/System/Library/Frameworks/OpenGL.framework; sourceTree = DEVELOPER_DIR; };
		F1293B0F2B41C8CE0094E02B /* AppDelegate.h */ = {isa = PBXFileReference; fileEncoding = 4; lastKnownFileType = sourcecode.c.h; path = AppDelegate.h; sourceTree = "<group>"; };
		F1293B102B41C8CE0094E02B /* AppDelegate.m */ = {isa = PBXFileReference; fileEncoding = 4; lastKnownFileType = sourcecode.c.objc; path = AppDelegate.m; sourceTree = "<group>"; };
		F1293B122B41C8CE0094E02B /* en */ = {isa = PBXFileReference; lastKnownFileType = text.rtf; name = en; path = en.lproj/Credits.rtf; sourceTree = "<group>"; };
		F1293B142B41C8CE0094E02B /* en */ = {isa = PBXFileReference; lastKnownFileType = text.plist.strings; name = en; path = en.lproj/InfoPlist.strings; sourceTree = "<group>"; };
		F1293B162B41C8CE0094E02B /* en */ = {isa = PBXFileReference; lastKnownFileType = file.xib; name = en; path = en.lproj/MainMenu.xib; sourceTree = "<group>"; };
		F1293B172B41C8CE0094E02B /* GameWindow.h */ = {isa = PBXFileReference; fileEncoding = 4; lastKnownFileType = sourcecode.c.h; path = GameWindow.h; sourceTree = "<group>"; };
		F1293B182B41C8CE0094E02B /* GameWindow.m */ = {isa = PBXFileReference; fileEncoding = 4; lastKnownFileType = sourcecode.c.objc; path = GameWindow.m; sourceTree = "<group>"; };
		F1293B192B41C8CE0094E02B /* main.m */ = {isa = PBXFileReference; fileEncoding = 4; lastKnownFileType = sourcecode.c.objc; path = main.m; sourceTree = "<group>"; };
		F1293B1A2B41C8CE0094E02B /* MyOpenGLView.h */ = {isa = PBXFileReference; fileEncoding = 4; lastKnownFileType = sourcecode.c.h; path = MyOpenGLView.h; sourceTree = "<group>"; };
		F1293B1B2B41C8CE0094E02B /* MyOpenGLView.m */ = {isa = PBXFileReference; fileEncoding = 4; lastKnownFileType = sourcecode.c.objc; path = MyOpenGLView.m; sourceTree = "<group>"; };
		F1293B1C2B41C8CE0094E02B /* Derelict128-OSX-info.plist */ = {isa = PBXFileReference; fileEncoding = 4; lastKnownFileType = text.plist.xml; path = "Derelict128-OSX-info.plist"; sourceTree = "<group>"; };
		F1293B262B41C9050094E02B /* AppDelegate.h */ = {isa = PBXFileReference; fileEncoding = 4; lastKnownFileType = sourcecode.c.h; path = AppDelegate.h; sourceTree = "<group>"; };
		F1293B272B41C9050094E02B /* AppDelegate.m */ = {isa = PBXFileReference; fileEncoding = 4; lastKnownFileType = sourcecode.c.objc; path = AppDelegate.m; sourceTree = "<group>"; };
		F1293B282B41C9050094E02B /* Default-568h@2x.png */ = {isa = PBXFileReference; lastKnownFileType = image.png; path = "Default-568h@2x.png"; sourceTree = "<group>"; };
		F1293B292B41C9050094E02B /* Default.png */ = {isa = PBXFileReference; lastKnownFileType = image.png; path = Default.png; sourceTree = "<group>"; };
		F1293B2A2B41C9050094E02B /* Default@2x.png */ = {isa = PBXFileReference; lastKnownFileType = image.png; path = "Default@2x.png"; sourceTree = "<group>"; };
		F1293B2B2B41C9050094E02B /* Derelict128-iOS-Info.plist */ = {isa = PBXFileReference; fileEncoding = 4; lastKnownFileType = text.plist.xml; path = "Derelict128-iOS-Info.plist"; sourceTree = "<group>"; };
		F1293B2D2B41C9050094E02B /* en */ = {isa = PBXFileReference; lastKnownFileType = text.plist.strings; name = en; path = en.lproj/InfoPlist.strings; sourceTree = "<group>"; };
		F1293B2F2B41C9050094E02B /* en */ = {isa = PBXFileReference; lastKnownFileType = file.xib; name = en; path = en.lproj/ViewController_iPad.xib; sourceTree = "<group>"; };
		F1293B312B41C9050094E02B /* en */ = {isa = PBXFileReference; lastKnownFileType = file.xib; name = en; path = en.lproj/ViewController_iPhone.xib; sourceTree = "<group>"; };
		F1293B322B41C9050094E02B /* main.m */ = {isa = PBXFileReference; fileEncoding = 4; lastKnownFileType = sourcecode.c.objc; path = main.m; sourceTree = "<group>"; };
		F1293B342B41C9050094E02B /* Shader.fsh */ = {isa = PBXFileReference; fileEncoding = 4; lastKnownFileType = sourcecode.glsl; path = Shader.fsh; sourceTree = "<group>"; };
		F1293B352B41C9050094E02B /* Shader.vsh */ = {isa = PBXFileReference; fileEncoding = 4; lastKnownFileType = sourcecode.glsl; path = Shader.vsh; sourceTree = "<group>"; };
		F1293B362B41C9050094E02B /* ViewController.h */ = {isa = PBXFileReference; fileEncoding = 4; lastKnownFileType = sourcecode.c.h; path = ViewController.h; sourceTree = "<group>"; };
		F1293B372B41C9050094E02B /* ViewController.m */ = {isa = PBXFileReference; fileEncoding = 4; lastKnownFileType = sourcecode.c.objc; path = ViewController.m; sourceTree = "<group>"; };
		F163B9712B3EF1A200C03D9E /* CActor.h */ = {isa = PBXFileReference; fileEncoding = 4; lastKnownFileType = sourcecode.c.h; path = CActor.h; sourceTree = "<group>"; };
		F163B9722B3EF1A200C03D9E /* Common.h */ = {isa = PBXFileReference; fileEncoding = 4; lastKnownFileType = sourcecode.c.h; path = Common.h; sourceTree = "<group>"; };
		F163B9732B3EF1A200C03D9E /* controller.h */ = {isa = PBXFileReference; fileEncoding = 4; lastKnownFileType = sourcecode.c.h; path = controller.h; sourceTree = "<group>"; };
		F163B9742B3EF1A200C03D9E /* CTile3DProperties.h */ = {isa = PBXFileReference; fileEncoding = 4; lastKnownFileType = sourcecode.c.h; path = CTile3DProperties.h; sourceTree = "<group>"; };
		F163B9752B3EF1A200C03D9E /* Dungeon.h */ = {isa = PBXFileReference; fileEncoding = 4; lastKnownFileType = sourcecode.c.h; path = Dungeon.h; sourceTree = "<group>"; };
		F163B9762B3EF1A200C03D9E /* EDirection_Utils.h */ = {isa = PBXFileReference; fileEncoding = 4; lastKnownFileType = sourcecode.c.h; path = EDirection_Utils.h; sourceTree = "<group>"; };
		F163B9772B3EF1A200C03D9E /* Engine.h */ = {isa = PBXFileReference; fileEncoding = 4; lastKnownFileType = sourcecode.c.h; path = Engine.h; sourceTree = "<group>"; };
		F163B9782B3EF1A200C03D9E /* Enums.h */ = {isa = PBXFileReference; fileEncoding = 4; lastKnownFileType = sourcecode.c.h; path = Enums.h; sourceTree = "<group>"; };
		F163B9792B3EF1A200C03D9E /* FixP.h */ = {isa = PBXFileReference; fileEncoding = 4; lastKnownFileType = sourcecode.c.h; path = FixP.h; sourceTree = "<group>"; };
		F163B97A2B3EF1A200C03D9E /* Globals.h */ = {isa = PBXFileReference; fileEncoding = 4; lastKnownFileType = sourcecode.c.h; path = Globals.h; sourceTree = "<group>"; };
		F163B97B2B3EF1A200C03D9E /* HackingMinigameRules.h */ = {isa = PBXFileReference; fileEncoding = 4; lastKnownFileType = sourcecode.c.h; path = HackingMinigameRules.h; sourceTree = "<group>"; };
		F163B97C2B3EF1A200C03D9E /* MapWithCharKey.h */ = {isa = PBXFileReference; fileEncoding = 4; lastKnownFileType = sourcecode.c.h; path = MapWithCharKey.h; sourceTree = "<group>"; };
		F163B97D2B3EF1A200C03D9E /* Mesh.h */ = {isa = PBXFileReference; fileEncoding = 4; lastKnownFileType = sourcecode.c.h; path = Mesh.h; sourceTree = "<group>"; };
		F163B9802B3EF1A200C03D9E /* PackedFileReader.h */ = {isa = PBXFileReference; fileEncoding = 4; lastKnownFileType = sourcecode.c.h; path = PackedFileReader.h; sourceTree = "<group>"; };
		F163B9812B3EF1A200C03D9E /* PCMAudio.h */ = {isa = PBXFileReference; fileEncoding = 4; lastKnownFileType = sourcecode.c.h; path = PCMAudio.h; sourceTree = "<group>"; };
		F163B9832B3EF1A200C03D9E /* SoundSystem.h */ = {isa = PBXFileReference; fileEncoding = 4; lastKnownFileType = sourcecode.c.h; path = SoundSystem.h; sourceTree = "<group>"; };
		F163B9852B3EF1A200C03D9E /* UI.h */ = {isa = PBXFileReference; fileEncoding = 4; lastKnownFileType = sourcecode.c.h; path = UI.h; sourceTree = "<group>"; };
		F163B9862B3EF1A200C03D9E /* Vec.h */ = {isa = PBXFileReference; fileEncoding = 4; lastKnownFileType = sourcecode.c.h; path = Vec.h; sourceTree = "<group>"; };
		F163B9872B3EF1A200C03D9E /* VisibilityStrategy.h */ = {isa = PBXFileReference; fileEncoding = 4; lastKnownFileType = sourcecode.c.h; path = VisibilityStrategy.h; sourceTree = "<group>"; };
		F163B98D2B3EF1A200C03D9E /* Common.c */ = {isa = PBXFileReference; fileEncoding = 4; lastKnownFileType = sourcecode.c.c; path = Common.c; sourceTree = "<group>"; };
		F163B9902B3EF1A200C03D9E /* Crawler.c */ = {isa = PBXFileReference; fileEncoding = 4; lastKnownFileType = sourcecode.c.c; path = Crawler.c; sourceTree = "<group>"; };
		F163B9912B3EF1A200C03D9E /* CreditsScreen.c */ = {isa = PBXFileReference; fileEncoding = 4; lastKnownFileType = sourcecode.c.c; path = CreditsScreen.c; sourceTree = "<group>"; };
		F163B9922B3EF1A200C03D9E /* CTile3DProperties.c */ = {isa = PBXFileReference; fileEncoding = 4; lastKnownFileType = sourcecode.c.c; path = CTile3DProperties.c; sourceTree = "<group>"; };
		F163B9932B3EF1A200C03D9E /* Dungeon.c */ = {isa = PBXFileReference; fileEncoding = 4; lastKnownFileType = sourcecode.c.c; path = Dungeon.c; sourceTree = "<group>"; };
		F163B9942B3EF1A200C03D9E /* EDirection_Utils.c */ = {isa = PBXFileReference; fileEncoding = 4; lastKnownFileType = sourcecode.c.c; path = EDirection_Utils.c; sourceTree = "<group>"; };
		F163B9952B3EF1A200C03D9E /* Engine.c */ = {isa = PBXFileReference; fileEncoding = 4; lastKnownFileType = sourcecode.c.c; path = Engine.c; sourceTree = "<group>"; };
		F163B9962B3EF1A200C03D9E /* Events.c */ = {isa = PBXFileReference; fileEncoding = 4; lastKnownFileType = sourcecode.c.c; path = Events.c; sourceTree = "<group>"; };
		F163B9972B3EF1A200C03D9E /* FixP.c */ = {isa = PBXFileReference; fileEncoding = 4; lastKnownFileType = sourcecode.c.c; path = FixP.c; sourceTree = "<group>"; };
		F163B9982B3EF1A200C03D9E /* GameMenu.c */ = {isa = PBXFileReference; fileEncoding = 4; lastKnownFileType = sourcecode.c.c; path = GameMenu.c; sourceTree = "<group>"; };
		F163B99A2B3EF1A200C03D9E /* Globals.c */ = {isa = PBXFileReference; fileEncoding = 4; lastKnownFileType = sourcecode.c.c; path = Globals.c; sourceTree = "<group>"; };
		F163B99B2B3EF1A200C03D9E /* HackingMinigameRules.c */ = {isa = PBXFileReference; fileEncoding = 4; lastKnownFileType = sourcecode.c.c; path = HackingMinigameRules.c; sourceTree = "<group>"; };
		F163B99C2B3EF1A200C03D9E /* HackingScreen.c */ = {isa = PBXFileReference; fileEncoding = 4; lastKnownFileType = sourcecode.c.c; path = HackingScreen.c; sourceTree = "<group>"; };
		F163B99D2B3EF1A200C03D9E /* HelpScreen.c */ = {isa = PBXFileReference; fileEncoding = 4; lastKnownFileType = sourcecode.c.c; path = HelpScreen.c; sourceTree = "<group>"; };
		F163B99E2B3EF1A200C03D9E /* MainMenu.c */ = {isa = PBXFileReference; fileEncoding = 4; lastKnownFileType = sourcecode.c.c; path = MainMenu.c; sourceTree = "<group>"; };
		F163B99F2B3EF1A200C03D9E /* MapWithCharKey.c */ = {isa = PBXFileReference; fileEncoding = 4; lastKnownFileType = sourcecode.c.c; path = MapWithCharKey.c; sourceTree = "<group>"; };
		F163B9A02B3EF1A200C03D9E /* Mesh.c */ = {isa = PBXFileReference; fileEncoding = 4; lastKnownFileType = sourcecode.c.c; path = Mesh.c; sourceTree = "<group>"; };
		F163B9A72B3EF1A200C03D9E /* PackedFileReader.c */ = {isa = PBXFileReference; fileEncoding = 4; lastKnownFileType = sourcecode.c.c; path = PackedFileReader.c; sourceTree = "<group>"; };
		F163B9AD2B3EF1A200C03D9E /* UI.c */ = {isa = PBXFileReference; fileEncoding = 4; lastKnownFileType = sourcecode.c.c; path = UI.c; sourceTree = "<group>"; };
		F163B9AE2B3EF1A200C03D9E /* Vec.c */ = {isa = PBXFileReference; fileEncoding = 4; lastKnownFileType = sourcecode.c.c; path = Vec.c; sourceTree = "<group>"; };
		F163B9AF2B3EF1A200C03D9E /* VisibilityStrategy.c */ = {isa = PBXFileReference; fileEncoding = 4; lastKnownFileType = sourcecode.c.c; path = VisibilityStrategy.c; sourceTree = "<group>"; };
		F163B9DE2B3EF25100C03D9E /* basepfs.h */ = {isa = PBXFileReference; fileEncoding = 4; lastKnownFileType = sourcecode.c.h; path = basepfs.h; sourceTree = "<group>"; };
		F163B9DF2B3EF25100C03D9E /* Renderer.h */ = {isa = PBXFileReference; fileEncoding = 4; lastKnownFileType = sourcecode.c.h; path = Renderer.h; sourceTree = "<group>"; };
		F163B9E02B3EF25100C03D9E /* LoadBitmap.h */ = {isa = PBXFileReference; fileEncoding = 4; lastKnownFileType = sourcecode.c.h; path = LoadBitmap.h; sourceTree = "<group>"; };
		F163B9E92B3EF25100C03D9E /* GLESCommon.c */ = {isa = PBXFileReference; fileEncoding = 4; lastKnownFileType = sourcecode.c.c; path = GLESCommon.c; sourceTree = "<group>"; };
		F163B9EA2B3EF25100C03D9E /* LoadBitmap.c */ = {isa = PBXFileReference; fileEncoding = 4; lastKnownFileType = sourcecode.c.c; path = LoadBitmap.c; sourceTree = "<group>"; };
		F163B9EC2B3EF25100C03D9E /* RendererRasterization.c */ = {isa = PBXFileReference; fileEncoding = 4; lastKnownFileType = sourcecode.c.c; path = RendererRasterization.c; sourceTree = "<group>"; };
		F163B9ED2B3EF25100C03D9E /* RendererTesselation.c */ = {isa = PBXFileReference; fileEncoding = 4; lastKnownFileType = sourcecode.c.c; path = RendererTesselation.c; sourceTree = "<group>"; };
		F163BA062B3EF28900C03D9E /* Core.h */ = {isa = PBXFileReference; fileEncoding = 4; lastKnownFileType = sourcecode.c.h; path = Core.h; sourceTree = "<group>"; };
		F163BA072B3EF28900C03D9E /* Derelict.h */ = {isa = PBXFileReference; fileEncoding = 4; lastKnownFileType = sourcecode.c.h; path = Derelict.h; sourceTree = "<group>"; };
		F163BA082B3EF28900C03D9E /* Parser.h */ = {isa = PBXFileReference; fileEncoding = 4; lastKnownFileType = sourcecode.c.h; path = Parser.h; sourceTree = "<group>"; };
		F163BA0A2B3EF28900C03D9E /* Core.c */ = {isa = PBXFileReference; fileEncoding = 4; lastKnownFileType = sourcecode.c.c; path = Core.c; sourceTree = "<group>"; };
		F163BA0B2B3EF28900C03D9E /* Derelict.c */ = {isa = PBXFileReference; fileEncoding = 4; lastKnownFileType = sourcecode.c.c; path = Derelict.c; sourceTree = "<group>"; };
		F163BA0D2B3EF28900C03D9E /* Parser.c */ = {isa = PBXFileReference; fileEncoding = 4; lastKnownFileType = sourcecode.c.c; path = Parser.c; sourceTree = "<group>"; };
		F163BA122B3EFA1E00C03D9E /* base.pfs */ = {isa = PBXFileReference; lastKnownFileType = file; name = base.pfs; path = ../base.pfs; sourceTree = "<group>"; };
		F17FD5472B8A23B7002C0D45 /* Renderer.c */ = {isa = PBXFileReference; fileEncoding = 4; lastKnownFileType = sourcecode.c.c; name = Renderer.c; path = ../Renderer.c; sourceTree = "<group>"; };
		F17FD54A2B8A23E7002C0D45 /* Matrices.h */ = {isa = PBXFileReference; lastKnownFileType = sourcecode.c.h; path = Matrices.h; sourceTree = "<group>"; };
		F17FD54B2B8A2462002C0D45 /* Matrices.c */ = {isa = PBXFileReference; fileEncoding = 4; lastKnownFileType = sourcecode.c.c; path = Matrices.c; sourceTree = "<group>"; };
		F17FD54E2B8A26C3002C0D45 /* title_art.png */ = {isa = PBXFileReference; lastKnownFileType = image.png; name = title_art.png; path = ../../art/title_art.png; sourceTree = "<group>"; };
		F1A2C9D52B3EF09700F2E1CA /* Derelict128.app */ = {isa = PBXFileReference; explicitFileType = wrapper.application; includeInIndex = 0; path = Derelict128.app; sourceTree = BUILT_PRODUCTS_DIR; };
		F1A2C9D82B3EF09700F2E1CA /* UIKit.framework */ = {isa = PBXFileReference; lastKnownFileType = wrapper.framework; name = UIKit.framework; path = System/Library/Frameworks/UIKit.framework; sourceTree = SDKROOT; };
		F1A2C9DA2B3EF09700F2E1CA /* Foundation.framework */ = {isa = PBXFileReference; lastKnownFileType = wrapper.framework; name = Foundation.framework; path = System/Library/Frameworks/Foundation.framework; sourceTree = SDKROOT; };
		F1A2C9DC2B3EF09700F2E1CA /* CoreGraphics.framework */ = {isa = PBXFileReference; lastKnownFileType = wrapper.framework; name = CoreGraphics.framework; path = System/Library/Frameworks/CoreGraphics.framework; sourceTree = SDKROOT; };
		F1A2C9DE2B3EF09700F2E1CA /* GLKit.framework */ = {isa = PBXFileReference; lastKnownFileType = wrapper.framework; name = GLKit.framework; path = System/Library/Frameworks/GLKit.framework; sourceTree = SDKROOT; };
		F1A2C9E02B3EF09700F2E1CA /* OpenGLES.framework */ = {isa = PBXFileReference; lastKnownFileType = wrapper.framework; name = OpenGLES.framework; path = System/Library/Frameworks/OpenGLES.framework; sourceTree = SDKROOT; };
		F1BA234A2B40842700F83542 /* Cocoa.framework */ = {isa = PBXFileReference; lastKnownFileType = wrapper.framework; name = Cocoa.framework; path = Library/Frameworks/Cocoa.framework; sourceTree = DEVELOPER_DIR; };
		F1BA234D2B40842700F83542 /* AppKit.framework */ = {isa = PBXFileReference; lastKnownFileType = wrapper.framework; name = AppKit.framework; path = Library/Frameworks/AppKit.framework; sourceTree = SDKROOT; };
		F1BA234E2B40842700F83542 /* CoreData.framework */ = {isa = PBXFileReference; lastKnownFileType = wrapper.framework; name = CoreData.framework; path = Library/Frameworks/CoreData.framework; sourceTree = SDKROOT; };
		F1BA234F2B40842700F83542 /* Foundation.framework */ = {isa = PBXFileReference; lastKnownFileType = wrapper.framework; name = Foundation.framework; path = Library/Frameworks/Foundation.framework; sourceTree = SDKROOT; };
		F1F3E0FC2B46E77E00D86751 /* TitleScreen.h */ = {isa = PBXFileReference; fileEncoding = 4; lastKnownFileType = sourcecode.c.h; path = TitleScreen.h; sourceTree = "<group>"; };
		F1F3E0FD2B46E77E00D86751 /* TitleScreen.m */ = {isa = PBXFileReference; fileEncoding = 4; lastKnownFileType = sourcecode.c.objc; path = TitleScreen.m; sourceTree = "<group>"; };
		F1F3E0FE2B46E77E00D86751 /* TitleScreen_iPad.xib */ = {isa = PBXFileReference; fileEncoding = 4; lastKnownFileType = file.xib; path = TitleScreen_iPad.xib; sourceTree = "<group>"; };
		F1F3E1012B46ED1200D86751 /* TitleScreen_iPhone.xib */ = {isa = PBXFileReference; fileEncoding = 4; lastKnownFileType = file.xib; path = TitleScreen_iPhone.xib; sourceTree = "<group>"; };
/* End PBXFileReference section */

/* Begin PBXFrameworksBuildPhase section */
		F1293ABA2B41C63D0094E02B /* Frameworks */ = {
			isa = PBXFrameworksBuildPhase;
			buildActionMask = 2147483647;
			files = (
				F1293AEE2B41C7480094E02B /* OpenGL.framework in Frameworks */,
				F1293AEC2B41C7400094E02B /* Cocoa.framework in Frameworks */,
			);
			runOnlyForDeploymentPostprocessing = 0;
		};
		F1A2C9D22B3EF09700F2E1CA /* Frameworks */ = {
			isa = PBXFrameworksBuildPhase;
			buildActionMask = 2147483647;
			files = (
				F1A2C9D92B3EF09700F2E1CA /* UIKit.framework in Frameworks */,
				F1A2C9DB2B3EF09700F2E1CA /* Foundation.framework in Frameworks */,
				F1A2C9DD2B3EF09700F2E1CA /* CoreGraphics.framework in Frameworks */,
				F1A2C9DF2B3EF09700F2E1CA /* GLKit.framework in Frameworks */,
				F1A2C9E12B3EF09700F2E1CA /* OpenGLES.framework in Frameworks */,
			);
			runOnlyForDeploymentPostprocessing = 0;
		};
/* End PBXFrameworksBuildPhase section */

/* Begin PBXGroup section */
		F1293B0E2B41C8CE0094E02B /* Sub Mare Imperium Derelict (GL 2.1) */ = {
			isa = PBXGroup;
			children = (
				F1293B0F2B41C8CE0094E02B /* AppDelegate.h */,
				F1293B102B41C8CE0094E02B /* AppDelegate.m */,
				F1293B112B41C8CE0094E02B /* Credits.rtf */,
				F1293B132B41C8CE0094E02B /* InfoPlist.strings */,
				F1293B152B41C8CE0094E02B /* MainMenu.xib */,
				F1293B172B41C8CE0094E02B /* GameWindow.h */,
				F1293B182B41C8CE0094E02B /* GameWindow.m */,
				F1293B192B41C8CE0094E02B /* main.m */,
				F1293B1A2B41C8CE0094E02B /* MyOpenGLView.h */,
				F1293B1B2B41C8CE0094E02B /* MyOpenGLView.m */,
				F1293B1C2B41C8CE0094E02B /* Derelict128-OSX-info.plist */,
			);
			path = "Sub Mare Imperium Derelict (GL 2.1)";
			sourceTree = "<group>";
		};
		F1293B252B41C9050094E02B /* Sub Mare Imperium Derelict (GL ES 2) */ = {
			isa = PBXGroup;
			children = (
				F1293B262B41C9050094E02B /* AppDelegate.h */,
				F1293B272B41C9050094E02B /* AppDelegate.m */,
				F1293B282B41C9050094E02B /* Default-568h@2x.png */,
				F1293B292B41C9050094E02B /* Default.png */,
				F1293B2A2B41C9050094E02B /* Default@2x.png */,
				F1293B2B2B41C9050094E02B /* Derelict128-iOS-Info.plist */,
				F1293B2C2B41C9050094E02B /* InfoPlist.strings */,
				F1293B2E2B41C9050094E02B /* ViewController_iPad.xib */,
				F1293B302B41C9050094E02B /* ViewController_iPhone.xib */,
				F1293B322B41C9050094E02B /* main.m */,
				F1293B332B41C9050094E02B /* Shaders */,
				F1293B362B41C9050094E02B /* ViewController.h */,
				F1293B372B41C9050094E02B /* ViewController.m */,
				F1F3E0FC2B46E77E00D86751 /* TitleScreen.h */,
				F1F3E0FD2B46E77E00D86751 /* TitleScreen.m */,
				F1F3E0FE2B46E77E00D86751 /* TitleScreen_iPad.xib */,
				F1F3E1012B46ED1200D86751 /* TitleScreen_iPhone.xib */,
			);
			path = "Sub Mare Imperium Derelict (GL ES 2)";
			sourceTree = "<group>";
		};
		F1293B332B41C9050094E02B /* Shaders */ = {
			isa = PBXGroup;
			children = (
				F1293B342B41C9050094E02B /* Shader.fsh */,
				F1293B352B41C9050094E02B /* Shader.vsh */,
			);
			path = Shaders;
			sourceTree = "<group>";
		};
		F163B96E2B3EF18600C03D9E /* Other */ = {
			isa = PBXGroup;
			children = (
				F17FD54E2B8A26C3002C0D45 /* title_art.png */,
				F163BA122B3EFA1E00C03D9E /* base.pfs */,
				F163BA052B3EF28900C03D9E /* include */,
				F163BA092B3EF28900C03D9E /* src */,
				F163B9DD2B3EF25100C03D9E /* include */,
				F163B9E12B3EF25100C03D9E /* src */,
				F163B96F2B3EF1A200C03D9E /* include */,
				F163B9882B3EF1A200C03D9E /* src */,
			);
			name = Other;
			sourceTree = "<group>";
		};
		F163B96F2B3EF1A200C03D9E /* include */ = {
			isa = PBXGroup;
			children = (
				F163B9712B3EF1A200C03D9E /* CActor.h */,
				F163B9722B3EF1A200C03D9E /* Common.h */,
				F163B9732B3EF1A200C03D9E /* controller.h */,
				F17FD54A2B8A23E7002C0D45 /* Matrices.h */,
				F163B9742B3EF1A200C03D9E /* CTile3DProperties.h */,
				F163B9752B3EF1A200C03D9E /* Dungeon.h */,
				F163B9762B3EF1A200C03D9E /* EDirection_Utils.h */,
				F163B9772B3EF1A200C03D9E /* Engine.h */,
				F163B9782B3EF1A200C03D9E /* Enums.h */,
				F163B9792B3EF1A200C03D9E /* FixP.h */,
				F163B97A2B3EF1A200C03D9E /* Globals.h */,
				F163B97B2B3EF1A200C03D9E /* HackingMinigameRules.h */,
				F163B97C2B3EF1A200C03D9E /* MapWithCharKey.h */,
				F163B97D2B3EF1A200C03D9E /* Mesh.h */,
				F163B9802B3EF1A200C03D9E /* PackedFileReader.h */,
				F163B9812B3EF1A200C03D9E /* PCMAudio.h */,
				F163B9832B3EF1A200C03D9E /* SoundSystem.h */,
				F163B9852B3EF1A200C03D9E /* UI.h */,
				F163B9862B3EF1A200C03D9E /* Vec.h */,
				F163B9872B3EF1A200C03D9E /* VisibilityStrategy.h */,
			);
			name = include;
			path = ../../common/include;
			sourceTree = "<group>";
		};
		F163B9882B3EF1A200C03D9E /* src */ = {
			isa = PBXGroup;
			children = (
				F163B98D2B3EF1A200C03D9E /* Common.c */,
				F163B9902B3EF1A200C03D9E /* Crawler.c */,
				F163B9912B3EF1A200C03D9E /* CreditsScreen.c */,
				F163B9922B3EF1A200C03D9E /* CTile3DProperties.c */,
				F163B9932B3EF1A200C03D9E /* Dungeon.c */,
				F17FD54B2B8A2462002C0D45 /* Matrices.c */,
				F163B9942B3EF1A200C03D9E /* EDirection_Utils.c */,
				F163B9952B3EF1A200C03D9E /* Engine.c */,
				F163B9962B3EF1A200C03D9E /* Events.c */,
				F163B9972B3EF1A200C03D9E /* FixP.c */,
				F163B9982B3EF1A200C03D9E /* GameMenu.c */,
				F163B99A2B3EF1A200C03D9E /* Globals.c */,
				F163B99B2B3EF1A200C03D9E /* HackingMinigameRules.c */,
				F109CCA72B40E8C200832AEF /* NullMusic.c */,
				F163B99C2B3EF1A200C03D9E /* HackingScreen.c */,
				F163B99D2B3EF1A200C03D9E /* HelpScreen.c */,
				F163B99E2B3EF1A200C03D9E /* MainMenu.c */,
				F163B99F2B3EF1A200C03D9E /* MapWithCharKey.c */,
				F163B9A02B3EF1A200C03D9E /* Mesh.c */,
				F163B9A72B3EF1A200C03D9E /* PackedFileReader.c */,
				F163B9AD2B3EF1A200C03D9E /* UI.c */,
				F163B9AE2B3EF1A200C03D9E /* Vec.c */,
				F163B9AF2B3EF1A200C03D9E /* VisibilityStrategy.c */,
			);
			name = src;
			path = ../../common/src;
			sourceTree = "<group>";
		};
		F163B9DD2B3EF25100C03D9E /* include */ = {
			isa = PBXGroup;
			children = (
				F163B9DE2B3EF25100C03D9E /* basepfs.h */,
				F163B9DF2B3EF25100C03D9E /* Renderer.h */,
				F163B9E02B3EF25100C03D9E /* LoadBitmap.h */,
			);
			name = include;
			path = ../base3d/include;
			sourceTree = "<group>";
		};
		F163B9E12B3EF25100C03D9E /* src */ = {
			isa = PBXGroup;
			children = (
				F163B9E82B3EF25100C03D9E /* es */,
			);
			name = src;
			path = ../base3d/src;
			sourceTree = "<group>";
		};
		F163B9E82B3EF25100C03D9E /* es */ = {
			isa = PBXGroup;
			children = (
				F17FD5472B8A23B7002C0D45 /* Renderer.c */,
				F163B9E92B3EF25100C03D9E /* GLESCommon.c */,
				F163B9EA2B3EF25100C03D9E /* LoadBitmap.c */,
				F163B9EC2B3EF25100C03D9E /* RendererRasterization.c */,
				F163B9ED2B3EF25100C03D9E /* RendererTesselation.c */,
			);
			path = es;
			sourceTree = "<group>";
		};
		F163BA052B3EF28900C03D9E /* include */ = {
			isa = PBXGroup;
			children = (
				F163BA062B3EF28900C03D9E /* Core.h */,
				F163BA072B3EF28900C03D9E /* Derelict.h */,
				F163BA082B3EF28900C03D9E /* Parser.h */,
			);
			name = include;
			path = ../../core/include;
			sourceTree = "<group>";
		};
		F163BA092B3EF28900C03D9E /* src */ = {
			isa = PBXGroup;
			children = (
				F163BA0A2B3EF28900C03D9E /* Core.c */,
				F163BA0B2B3EF28900C03D9E /* Derelict.c */,
				F163BA0D2B3EF28900C03D9E /* Parser.c */,
			);
			name = src;
			path = ../../core/src;
			sourceTree = "<group>";
		};
		F1A2C9CC2B3EF09700F2E1CA = {
			isa = PBXGroup;
			children = (
				F1293B252B41C9050094E02B /* Sub Mare Imperium Derelict (GL ES 2) */,
				F1293B0E2B41C8CE0094E02B /* Sub Mare Imperium Derelict (GL 2.1) */,
				F1293AED2B41C7480094E02B /* OpenGL.framework */,
				F1293AEB2B41C7400094E02B /* Cocoa.framework */,
				F163B96E2B3EF18600C03D9E /* Other */,
				F1A2C9D72B3EF09700F2E1CA /* Frameworks */,
				F1A2C9D62B3EF09700F2E1CA /* Products */,
			);
			sourceTree = "<group>";
		};
		F1A2C9D62B3EF09700F2E1CA /* Products */ = {
			isa = PBXGroup;
			children = (
				F1A2C9D52B3EF09700F2E1CA /* Derelict128.app */,
				F1293ABD2B41C63D0094E02B /* Derelict128 OSX (GL 2.1).app */,
			);
			name = Products;
			sourceTree = "<group>";
		};
		F1A2C9D72B3EF09700F2E1CA /* Frameworks */ = {
			isa = PBXGroup;
			children = (
				F1A2C9D82B3EF09700F2E1CA /* UIKit.framework */,
				F1A2C9DA2B3EF09700F2E1CA /* Foundation.framework */,
				F1A2C9DC2B3EF09700F2E1CA /* CoreGraphics.framework */,
				F1A2C9DE2B3EF09700F2E1CA /* GLKit.framework */,
				F1A2C9E02B3EF09700F2E1CA /* OpenGLES.framework */,
				F1BA234A2B40842700F83542 /* Cocoa.framework */,
				F1BA234C2B40842700F83542 /* Other Frameworks */,
			);
			name = Frameworks;
			sourceTree = "<group>";
		};
		F1BA234C2B40842700F83542 /* Other Frameworks */ = {
			isa = PBXGroup;
			children = (
				F1BA234D2B40842700F83542 /* AppKit.framework */,
				F1BA234E2B40842700F83542 /* CoreData.framework */,
				F1BA234F2B40842700F83542 /* Foundation.framework */,
			);
			name = "Other Frameworks";
			sourceTree = "<group>";
		};
/* End PBXGroup section */

/* Begin PBXNativeTarget section */
		F1293ABC2B41C63D0094E02B /* Derelict128 OSX (GL 2.1) */ = {
			isa = PBXNativeTarget;
			buildConfigurationList = F1293AD32B41C63D0094E02B /* Build configuration list for PBXNativeTarget "Derelict128 OSX (GL 2.1)" */;
			buildPhases = (
				F1293AB92B41C63D0094E02B /* Sources */,
				F1293ABA2B41C63D0094E02B /* Frameworks */,
				F1293ABB2B41C63D0094E02B /* Resources */,
			);
			buildRules = (
			);
			dependencies = (
			);
			name = "Derelict128 OSX (GL 2.1)";
			productName = "Sub Mare Imperium: Derelict (GL 2.1)";
			productReference = F1293ABD2B41C63D0094E02B /* Derelict128 OSX (GL 2.1).app */;
			productType = "com.apple.product-type.application";
		};
		F1A2C9D42B3EF09700F2E1CA /* Derelict128 iOS (GL ES) */ = {
			isa = PBXNativeTarget;
			buildConfigurationList = F1A2CA032B3EF09700F2E1CA /* Build configuration list for PBXNativeTarget "Derelict128 iOS (GL ES)" */;
			buildPhases = (
				F1A2C9D12B3EF09700F2E1CA /* Sources */,
				F1A2C9D22B3EF09700F2E1CA /* Frameworks */,
				F1A2C9D32B3EF09700F2E1CA /* Resources */,
			);
			buildRules = (
			);
			dependencies = (
			);
			name = "Derelict128 iOS (GL ES)";
			productName = "Sub Mare Imperium: Derelict (GL ES)";
			productReference = F1A2C9D52B3EF09700F2E1CA /* Derelict128.app */;
			productType = "com.apple.product-type.application";
		};
/* End PBXNativeTarget section */

/* Begin PBXProject section */
		F1A2C9CD2B3EF09700F2E1CA /* Project object */ = {
			isa = PBXProject;
			attributes = {
				LastUpgradeCheck = 0460;
				ORGANIZATIONNAME = "Daniel Monteiro";
			};
			buildConfigurationList = F1A2C9D02B3EF09700F2E1CA /* Build configuration list for PBXProject "Derelict128" */;
			compatibilityVersion = "Xcode 3.2";
			developmentRegion = English;
			hasScannedForEncodings = 0;
			knownRegions = (
				en,
			);
			mainGroup = F1A2C9CC2B3EF09700F2E1CA;
			productRefGroup = F1A2C9D62B3EF09700F2E1CA /* Products */;
			projectDirPath = "";
			projectRoot = "";
			targets = (
				F1A2C9D42B3EF09700F2E1CA /* Derelict128 iOS (GL ES) */,
				F1293ABC2B41C63D0094E02B /* Derelict128 OSX (GL 2.1) */,
			);
		};
/* End PBXProject section */

/* Begin PBXResourcesBuildPhase section */
		F1293ABB2B41C63D0094E02B /* Resources */ = {
			isa = PBXResourcesBuildPhase;
			buildActionMask = 2147483647;
			files = (
				F1293AEF2B41C7C70094E02B /* base.pfs in Resources */,
				F1293B1E2B41C8CE0094E02B /* Credits.rtf in Resources */,
				F1293B1F2B41C8CE0094E02B /* InfoPlist.strings in Resources */,
				F1293B202B41C8CE0094E02B /* MainMenu.xib in Resources */,
				F1293B242B41C8CE0094E02B /* Derelict128-OSX-info.plist in Resources */,
			);
			runOnlyForDeploymentPostprocessing = 0;
		};
		F1A2C9D32B3EF09700F2E1CA /* Resources */ = {
			isa = PBXResourcesBuildPhase;
			buildActionMask = 2147483647;
			files = (
				F163BA132B3EFA1E00C03D9E /* base.pfs in Resources */,
				F1293B392B41C9050094E02B /* Default-568h@2x.png in Resources */,
				F1293B3A2B41C9050094E02B /* Default.png in Resources */,
				F1293B3B2B41C9050094E02B /* Default@2x.png in Resources */,
				F1293B3C2B41C9050094E02B /* Derelict128-iOS-Info.plist in Resources */,
				F1293B3D2B41C9050094E02B /* InfoPlist.strings in Resources */,
				F1293B3E2B41C9050094E02B /* ViewController_iPad.xib in Resources */,
				F1293B3F2B41C9050094E02B /* ViewController_iPhone.xib in Resources */,
				F1F3E1002B46E77E00D86751 /* TitleScreen_iPad.xib in Resources */,
				F1F3E1022B46ED1200D86751 /* TitleScreen_iPhone.xib in Resources */,
				F17FD54F2B8A26C3002C0D45 /* title_art.png in Resources */,
			);
			runOnlyForDeploymentPostprocessing = 0;
		};
/* End PBXResourcesBuildPhase section */

/* Begin PBXSourcesBuildPhase section */
		F1293AB92B41C63D0094E02B /* Sources */ = {
			isa = PBXSourcesBuildPhase;
			buildActionMask = 2147483647;
			files = (
				F1293AF02B41C7D10094E02B /* Core.c in Sources */,
				F1293AF12B41C7D10094E02B /* Derelict.c in Sources */,
				F1293AF22B41C7D10094E02B /* Parser.c in Sources */,
				F1293AF32B41C7D60094E02B /* GLESCommon.c in Sources */,
				F1293AF42B41C7D60094E02B /* LoadBitmap.c in Sources */,
				F1293AF62B41C7D60094E02B /* RendererRasterization.c in Sources */,
				F1293AF72B41C7D60094E02B /* RendererTesselation.c in Sources */,
				F1293AF82B41C7DB0094E02B /* Common.c in Sources */,
				F1293AF92B41C7DB0094E02B /* Crawler.c in Sources */,
				F1293AFA2B41C7DB0094E02B /* CreditsScreen.c in Sources */,
				F1293AFB2B41C7DB0094E02B /* CTile3DProperties.c in Sources */,
				F1293AFC2B41C7DB0094E02B /* Dungeon.c in Sources */,
				F1293AFD2B41C7DB0094E02B /* EDirection_Utils.c in Sources */,
				F1293AFE2B41C7DB0094E02B /* Engine.c in Sources */,
				F1293AFF2B41C7DB0094E02B /* Events.c in Sources */,
				F1293B002B41C7DB0094E02B /* FixP.c in Sources */,
				F1293B012B41C7DB0094E02B /* GameMenu.c in Sources */,
				F1293B022B41C7DB0094E02B /* Globals.c in Sources */,
				F1293B032B41C7DB0094E02B /* HackingMinigameRules.c in Sources */,
				F1293B042B41C7DB0094E02B /* NullMusic.c in Sources */,
				F1293B052B41C7DB0094E02B /* HackingScreen.c in Sources */,
				F1293B062B41C7DB0094E02B /* HelpScreen.c in Sources */,
				F1293B072B41C7DB0094E02B /* MainMenu.c in Sources */,
				F1293B082B41C7DB0094E02B /* MapWithCharKey.c in Sources */,
				F1293B092B41C7DB0094E02B /* Mesh.c in Sources */,
				F1293B0A2B41C7DB0094E02B /* PackedFileReader.c in Sources */,
				F1293B0B2B41C7DB0094E02B /* UI.c in Sources */,
				F1293B0C2B41C7DB0094E02B /* Vec.c in Sources */,
				F1293B0D2B41C7DB0094E02B /* VisibilityStrategy.c in Sources */,
				F1293B1D2B41C8CE0094E02B /* AppDelegate.m in Sources */,
				F1293B212B41C8CE0094E02B /* GameWindow.m in Sources */,
				F1293B222B41C8CE0094E02B /* main.m in Sources */,
				F1293B232B41C8CE0094E02B /* MyOpenGLView.m in Sources */,
				F17FD5492B8A23B7002C0D45 /* Renderer.c in Sources */,
				F17FD54D2B8A2462002C0D45 /* Matrices.c in Sources */,
			);
			runOnlyForDeploymentPostprocessing = 0;
		};
		F1A2C9D12B3EF09700F2E1CA /* Sources */ = {
			isa = PBXSourcesBuildPhase;
			buildActionMask = 2147483647;
			files = (
				F163B9B72B3EF1A200C03D9E /* Common.c in Sources */,
				F163B9BA2B3EF1A200C03D9E /* Crawler.c in Sources */,
				F163B9BB2B3EF1A200C03D9E /* CreditsScreen.c in Sources */,
				F163B9BC2B3EF1A200C03D9E /* CTile3DProperties.c in Sources */,
				F163B9BD2B3EF1A200C03D9E /* Dungeon.c in Sources */,
				F163B9BE2B3EF1A200C03D9E /* EDirection_Utils.c in Sources */,
				F163B9BF2B3EF1A200C03D9E /* Engine.c in Sources */,
				F163B9C02B3EF1A200C03D9E /* Events.c in Sources */,
				F163B9C12B3EF1A200C03D9E /* FixP.c in Sources */,
				F163B9C22B3EF1A200C03D9E /* GameMenu.c in Sources */,
				F163B9C42B3EF1A200C03D9E /* Globals.c in Sources */,
				F163B9C52B3EF1A200C03D9E /* HackingMinigameRules.c in Sources */,
				F163B9C62B3EF1A200C03D9E /* HackingScreen.c in Sources */,
				F163B9C72B3EF1A200C03D9E /* HelpScreen.c in Sources */,
				F163B9C82B3EF1A200C03D9E /* MainMenu.c in Sources */,
				F163B9C92B3EF1A200C03D9E /* MapWithCharKey.c in Sources */,
				F163B9CA2B3EF1A200C03D9E /* Mesh.c in Sources */,
				F163B9D12B3EF1A200C03D9E /* PackedFileReader.c in Sources */,
				F163B9D72B3EF1A200C03D9E /* UI.c in Sources */,
				F163B9D82B3EF1A200C03D9E /* Vec.c in Sources */,
				F163B9D92B3EF1A200C03D9E /* VisibilityStrategy.c in Sources */,
				F163B9FA2B3EF25100C03D9E /* GLESCommon.c in Sources */,
				F163B9FB2B3EF25100C03D9E /* LoadBitmap.c in Sources */,
				F163B9FD2B3EF25100C03D9E /* RendererRasterization.c in Sources */,
				F163B9FE2B3EF25100C03D9E /* RendererTesselation.c in Sources */,
				F163BA0E2B3EF28900C03D9E /* Core.c in Sources */,
				F163BA0F2B3EF28900C03D9E /* Derelict.c in Sources */,
				F163BA112B3EF28900C03D9E /* Parser.c in Sources */,
				F109CCA82B40E8C200832AEF /* NullMusic.c in Sources */,
				F1293B382B41C9050094E02B /* AppDelegate.m in Sources */,
				F1293B402B41C9050094E02B /* main.m in Sources */,
				F1293B412B41C9050094E02B /* Shader.fsh in Sources */,
				F1293B422B41C9050094E02B /* Shader.vsh in Sources */,
				F1293B432B41C9050094E02B /* ViewController.m in Sources */,
				F1F3E0FF2B46E77E00D86751 /* TitleScreen.m in Sources */,
				F17FD5482B8A23B7002C0D45 /* Renderer.c in Sources */,
				F17FD54C2B8A2462002C0D45 /* Matrices.c in Sources */,
			);
			runOnlyForDeploymentPostprocessing = 0;
		};
/* End PBXSourcesBuildPhase section */

/* Begin PBXVariantGroup section */
		F1293B112B41C8CE0094E02B /* Credits.rtf */ = {
			isa = PBXVariantGroup;
			children = (
				F1293B122B41C8CE0094E02B /* en */,
			);
			name = Credits.rtf;
			sourceTree = "<group>";
		};
		F1293B132B41C8CE0094E02B /* InfoPlist.strings */ = {
			isa = PBXVariantGroup;
			children = (
				F1293B142B41C8CE0094E02B /* en */,
			);
			name = InfoPlist.strings;
			sourceTree = "<group>";
		};
		F1293B152B41C8CE0094E02B /* MainMenu.xib */ = {
			isa = PBXVariantGroup;
			children = (
				F1293B162B41C8CE0094E02B /* en */,
			);
			name = MainMenu.xib;
			sourceTree = "<group>";
		};
		F1293B2C2B41C9050094E02B /* InfoPlist.strings */ = {
			isa = PBXVariantGroup;
			children = (
				F1293B2D2B41C9050094E02B /* en */,
			);
			name = InfoPlist.strings;
			sourceTree = "<group>";
		};
		F1293B2E2B41C9050094E02B /* ViewController_iPad.xib */ = {
			isa = PBXVariantGroup;
			children = (
				F1293B2F2B41C9050094E02B /* en */,
			);
			name = ViewController_iPad.xib;
			sourceTree = "<group>";
		};
		F1293B302B41C9050094E02B /* ViewController_iPhone.xib */ = {
			isa = PBXVariantGroup;
			children = (
				F1293B312B41C9050094E02B /* en */,
			);
			name = ViewController_iPhone.xib;
			sourceTree = "<group>";
		};
/* End PBXVariantGroup section */

/* Begin XCBuildConfiguration section */
		F1293AD12B41C63D0094E02B /* Debug */ = {
			isa = XCBuildConfiguration;
			buildSettings = {
				ARCHS = "$(ARCHS_STANDARD_64_BIT)";
				COMBINE_HIDPI_IMAGES = YES;
				FRAMEWORK_SEARCH_PATHS = (
					"$(inherited)",
					"\"$(SYSTEM_APPS_DIR)/Xcode.app/Contents/Developer/Library/Frameworks\"",
				);
				GCC_ENABLE_OBJC_EXCEPTIONS = YES;
				GCC_PRECOMPILE_PREFIX_HEADER = NO;
				GCC_PREPROCESSOR_DEFINITIONS = (
					CLI_BUILD,
					INCLUDE_ITEM_DESCRIPTIONS,
					TILED_BITMAPS,
					ENDIANESS_AWARE,
					"YRES_FRAMEBUFFER=200",
					"XRES_FRAMEBUFFER=320",
					SUPPORTS_HACKING_MINIGAME,
				);
				GCC_WARN_64_TO_32_BIT_CONVERSION = YES;
				INFOPLIST_FILE = "$(SRCROOT)/Sub Mare Imperium Derelict (GL 2.1)/Derelict128-OSX-info.plist";
				MACOSX_DEPLOYMENT_TARGET = 10.7;
				PRODUCT_NAME = "$(TARGET_NAME)";
				SDKROOT = macosx;
				WRAPPER_EXTENSION = app;
			};
			name = Debug;
		};
		F1293AD22B41C63D0094E02B /* Release */ = {
			isa = XCBuildConfiguration;
			buildSettings = {
				ARCHS = "$(ARCHS_STANDARD_64_BIT)";
				COMBINE_HIDPI_IMAGES = YES;
				DEBUG_INFORMATION_FORMAT = "dwarf-with-dsym";
				FRAMEWORK_SEARCH_PATHS = (
					"$(inherited)",
					"\"$(SYSTEM_APPS_DIR)/Xcode.app/Contents/Developer/Library/Frameworks\"",
				);
				GCC_ENABLE_OBJC_EXCEPTIONS = YES;
				GCC_PRECOMPILE_PREFIX_HEADER = NO;
				GCC_PREPROCESSOR_DEFINITIONS = (
					CLI_BUILD,
					INCLUDE_ITEM_DESCRIPTIONS,
					TILED_BITMAPS,
					ENDIANESS_AWARE,
					"YRES_FRAMEBUFFER=200",
					"XRES_FRAMEBUFFER=320",
					SUPPORTS_HACKING_MINIGAME,
				);
				GCC_WARN_64_TO_32_BIT_CONVERSION = YES;
				INFOPLIST_FILE = "$(SRCROOT)/Sub Mare Imperium Derelict (GL 2.1)/Derelict128-OSX-info.plist";
				MACOSX_DEPLOYMENT_TARGET = 10.7;
				PRODUCT_NAME = "$(TARGET_NAME)";
				SDKROOT = macosx;
				WRAPPER_EXTENSION = app;
			};
			name = Release;
		};
		F1A2CA012B3EF09700F2E1CA /* Debug */ = {
			isa = XCBuildConfiguration;
			buildSettings = {
				ALWAYS_SEARCH_USER_PATHS = NO;
				CLANG_CXX_LANGUAGE_STANDARD = "gnu++0x";
				CLANG_CXX_LIBRARY = "libc++";
				CLANG_WARN_CONSTANT_CONVERSION = YES;
				CLANG_WARN_EMPTY_BODY = YES;
				CLANG_WARN_ENUM_CONVERSION = YES;
				CLANG_WARN_INT_CONVERSION = YES;
				CLANG_WARN__DUPLICATE_METHOD_MATCH = YES;
				"CODE_SIGN_IDENTITY[sdk=iphoneos*]" = "iPhone Developer";
				COPY_PHASE_STRIP = NO;
				GCC_C_LANGUAGE_STANDARD = gnu99;
				GCC_DYNAMIC_NO_PIC = NO;
				GCC_OPTIMIZATION_LEVEL = 0;
				GCC_PREPROCESSOR_DEFINITIONS = (
					CLI_BUILD,
					INCLUDE_ITEM_DESCRIPTIONS,
					TILED_BITMAPS,
					EMIT_QUIT_OPTION,
					ENDIANESS_AWARE,
					SUPPORTS_HACKING_MINIGAME,
				);
				GCC_SYMBOLS_PRIVATE_EXTERN = NO;
				GCC_WARN_ABOUT_RETURN_TYPE = YES;
				GCC_WARN_UNINITIALIZED_AUTOS = YES;
				GCC_WARN_UNUSED_VARIABLE = YES;
				IPHONEOS_DEPLOYMENT_TARGET = 6.1;
				ONLY_ACTIVE_ARCH = YES;
				PRECOMPS_INCLUDE_HEADERS_FROM_BUILT_PRODUCTS_DIR = NO;
				SDKROOT = iphoneos;
				TARGETED_DEVICE_FAMILY = "1,2";
			};
			name = Debug;
		};
		F1A2CA022B3EF09700F2E1CA /* Release */ = {
			isa = XCBuildConfiguration;
			buildSettings = {
				ALWAYS_SEARCH_USER_PATHS = NO;
				CLANG_CXX_LANGUAGE_STANDARD = "gnu++0x";
				CLANG_CXX_LIBRARY = "libc++";
				CLANG_WARN_CONSTANT_CONVERSION = YES;
				CLANG_WARN_EMPTY_BODY = YES;
				CLANG_WARN_ENUM_CONVERSION = YES;
				CLANG_WARN_INT_CONVERSION = YES;
				CLANG_WARN__DUPLICATE_METHOD_MATCH = YES;
				"CODE_SIGN_IDENTITY[sdk=iphoneos*]" = "iPhone Developer";
				COPY_PHASE_STRIP = YES;
				GCC_C_LANGUAGE_STANDARD = gnu99;
				GCC_PREPROCESSOR_DEFINITIONS = (
					CLI_BUILD,
					INCLUDE_ITEM_DESCRIPTIONS,
					TILED_BITMAPS,
					EMIT_QUIT_OPTION,
					ENDIANESS_AWARE,
					SUPPORTS_HACKING_MINIGAME,
				);
				GCC_WARN_ABOUT_RETURN_TYPE = YES;
				GCC_WARN_UNINITIALIZED_AUTOS = YES;
				GCC_WARN_UNUSED_VARIABLE = YES;
				IPHONEOS_DEPLOYMENT_TARGET = 6.1;
				OTHER_CFLAGS = "-DNS_BLOCK_ASSERTIONS=1";
				PRECOMPS_INCLUDE_HEADERS_FROM_BUILT_PRODUCTS_DIR = NO;
				SDKROOT = iphoneos;
				TARGETED_DEVICE_FAMILY = "1,2";
				VALIDATE_PRODUCT = YES;
			};
			name = Release;
		};
		F1A2CA042B3EF09700F2E1CA /* Debug */ = {
			isa = XCBuildConfiguration;
			buildSettings = {
				GCC_PRECOMPILE_PREFIX_HEADER = NO;
				GCC_PREPROCESSOR_DEFINITIONS = (
					CLI_BUILD,
					INCLUDE_ITEM_DESCRIPTIONS,
					TILED_BITMAPS,
					ENDIANESS_AWARE,
					"YRES_FRAMEBUFFER=200",
					"XRES_FRAMEBUFFER=320",
					SUPPORTS_HACKING_MINIGAME,
				);
				INFOPLIST_FILE = "$(SRCROOT)/Sub Mare Imperium Derelict (GL ES 2)/Derelict128-iOS-Info.plist";
				PRECOMPS_INCLUDE_HEADERS_FROM_BUILT_PRODUCTS_DIR = NO;
				PRODUCT_NAME = Derelict128;
				WRAPPER_EXTENSION = app;
			};
			name = Debug;
		};
		F1A2CA052B3EF09700F2E1CA /* Release */ = {
			isa = XCBuildConfiguration;
			buildSettings = {
				GCC_PRECOMPILE_PREFIX_HEADER = NO;
				GCC_PREPROCESSOR_DEFINITIONS = (
					CLI_BUILD,
					INCLUDE_ITEM_DESCRIPTIONS,
					TILED_BITMAPS,
					ENDIANESS_AWARE,
					"YRES_FRAMEBUFFER=200",
					"XRES_FRAMEBUFFER=320",
					SUPPORTS_HACKING_MINIGAME,
				);
				INFOPLIST_FILE = "$(SRCROOT)/Sub Mare Imperium Derelict (GL ES 2)/Derelict128-iOS-Info.plist";
				PRECOMPS_INCLUDE_HEADERS_FROM_BUILT_PRODUCTS_DIR = NO;
				PRODUCT_NAME = Derelict128;
				WRAPPER_EXTENSION = app;
			};
			name = Release;
		};
/* End XCBuildConfiguration section */

/* Begin XCConfigurationList section */
		F1293AD32B41C63D0094E02B /* Build configuration list for PBXNativeTarget "Derelict128 OSX (GL 2.1)" */ = {
			isa = XCConfigurationList;
			buildConfigurations = (
				F1293AD12B41C63D0094E02B /* Debug */,
				F1293AD22B41C63D0094E02B /* Release */,
			);
			defaultConfigurationIsVisible = 0;
			defaultConfigurationName = Release;
		};
		F1A2C9D02B3EF09700F2E1CA /* Build configuration list for PBXProject "Derelict128" */ = {
			isa = XCConfigurationList;
			buildConfigurations = (
				F1A2CA012B3EF09700F2E1CA /* Debug */,
				F1A2CA022B3EF09700F2E1CA /* Release */,
			);
			defaultConfigurationIsVisible = 0;
			defaultConfigurationName = Release;
		};
		F1A2CA032B3EF09700F2E1CA /* Build configuration list for PBXNativeTarget "Derelict128 iOS (GL ES)" */ = {
			isa = XCConfigurationList;
			buildConfigurations = (
				F1A2CA042B3EF09700F2E1CA /* Debug */,
				F1A2CA052B3EF09700F2E1CA /* Release */,
			);
			defaultConfigurationIsVisible = 0;
			defaultConfigurationName = Release;
		};
/* End XCConfigurationList section */
	};
	rootObject = F1A2C9CD2B3EF09700F2E1CA /* Project object */;
}
